// !$*UTF8*$!
{
	archiveVersion = 1;
	classes = {
	};
	objectVersion = 56;
	objects = {

/* Begin PBXBuildFile section */
		36110C0D29E1483C000ED129 /* DelegateFristViewControllerViewController.swift in Sources */ = {isa = PBXBuildFile; fileRef = 36110C0C29E1483C000ED129 /* DelegateFristViewControllerViewController.swift */; };
		36110C0F29E1484F000ED129 /* DelegateSecondViewControllerViewController.swift in Sources */ = {isa = PBXBuildFile; fileRef = 36110C0E29E1484F000ED129 /* DelegateSecondViewControllerViewController.swift */; };
		36110C1129E149B7000ED129 /* Test1ViewController.swift in Sources */ = {isa = PBXBuildFile; fileRef = 36110C1029E149B7000ED129 /* Test1ViewController.swift */; };
		36110C1329E154B5000ED129 /* Test2_FirstViewController.swift in Sources */ = {isa = PBXBuildFile; fileRef = 36110C1229E154B5000ED129 /* Test2_FirstViewController.swift */; };
		36110C1529E1571F000ED129 /* Test2_SecondViewController.swift in Sources */ = {isa = PBXBuildFile; fileRef = 36110C1429E1571F000ED129 /* Test2_SecondViewController.swift */; };
		36110C1829E29360000ED129 /* Images.swift in Sources */ = {isa = PBXBuildFile; fileRef = 36110C1729E29360000ED129 /* Images.swift */; };
		36110C1B29E299C9000ED129 /* Color.swift in Sources */ = {isa = PBXBuildFile; fileRef = 36110C1A29E299C9000ED129 /* Color.swift */; };
		36110C1E29E29BA5000ED129 /* CustomButton.swift in Sources */ = {isa = PBXBuildFile; fileRef = 36110C1D29E29BA5000ED129 /* CustomButton.swift */; };
		3622DB8B29F2537E00452C33 /* TestViewController.swift in Sources */ = {isa = PBXBuildFile; fileRef = 3622DB8A29F2537E00452C33 /* TestViewController.swift */; };
		3637A48729D806BC00289A15 /* FirstViewController.swift in Sources */ = {isa = PBXBuildFile; fileRef = 3637A48629D806BC00289A15 /* FirstViewController.swift */; };
		3637A48929D80F6000289A15 /* SecondViewController.swift in Sources */ = {isa = PBXBuildFile; fileRef = 3637A48829D80F6000289A15 /* SecondViewController.swift */; };
		36513C3B2A06222A00A439CF /* Alamofire in Frameworks */ = {isa = PBXBuildFile; productRef = 36513C3A2A06222A00A439CF /* Alamofire */; };
		36513C3D2A0623BD00A439CF /* Config.swift in Sources */ = {isa = PBXBuildFile; fileRef = 36513C3C2A0623BD00A439CF /* Config.swift */; };
		36513C3F2A0623D400A439CF /* NetworkResult.swift in Sources */ = {isa = PBXBuildFile; fileRef = 36513C3E2A0623D400A439CF /* NetworkResult.swift */; };
		36513C412A06264B00A439CF /* SignUpService.swift in Sources */ = {isa = PBXBuildFile; fileRef = 36513C402A06264B00A439CF /* SignUpService.swift */; };
		36513C432A06282300A439CF /* FourthViewController.swift in Sources */ = {isa = PBXBuildFile; fileRef = 36513C422A06282300A439CF /* FourthViewController.swift */; };
		36513C452A06289800A439CF /* SignUpResponse.swift in Sources */ = {isa = PBXBuildFile; fileRef = 36513C442A06289800A439CF /* SignUpResponse.swift */; };
		3651571529F3AAFA00598391 /* CommonView.swift in Sources */ = {isa = PBXBuildFile; fileRef = 3651571429F3AAFA00598391 /* CommonView.swift */; };
		3651571829F3AB5E00598391 /* Week3Viewcontroller.swift in Sources */ = {isa = PBXBuildFile; fileRef = 3651571729F3AB5E00598391 /* Week3Viewcontroller.swift */; };
		3651571A29F3ABEE00598391 /* BaseViewController.swift in Sources */ = {isa = PBXBuildFile; fileRef = 3651571929F3ABEE00598391 /* BaseViewController.swift */; };
		3651571C29F3AC0400598391 /* BaseView.swift in Sources */ = {isa = PBXBuildFile; fileRef = 3651571B29F3AC0400598391 /* BaseView.swift */; };
		3651572029F3B10600598391 /* CarrotViewController.swift in Sources */ = {isa = PBXBuildFile; fileRef = 3651571F29F3B10600598391 /* CarrotViewController.swift */; };
		3651572329F3B1A100598391 /* Carrot.swift in Sources */ = {isa = PBXBuildFile; fileRef = 3651572229F3B1A100598391 /* Carrot.swift */; };
		3651572629F3B59800598391 /* CarrotTableViewCell.swift in Sources */ = {isa = PBXBuildFile; fileRef = 3651572529F3B59800598391 /* CarrotTableViewCell.swift */; };
		3651572829F3B75A00598391 /* UIImage+.swift in Sources */ = {isa = PBXBuildFile; fileRef = 3651572729F3B75A00598391 /* UIImage+.swift */; };
		3651572A29F3BD4F00598391 /* Int+.swift in Sources */ = {isa = PBXBuildFile; fileRef = 3651572929F3BD4F00598391 /* Int+.swift */; };
		3651572D29F3BF1E00598391 /* PhotoViewController.swift in Sources */ = {isa = PBXBuildFile; fileRef = 3651572C29F3BF1E00598391 /* PhotoViewController.swift */; };
		3651572F29F3BFCC00598391 /* Photos.swift in Sources */ = {isa = PBXBuildFile; fileRef = 3651572E29F3BFCC00598391 /* Photos.swift */; };
		3651573329F3C0C800598391 /* PhotoCell.swift in Sources */ = {isa = PBXBuildFile; fileRef = 3651573229F3C0C800598391 /* PhotoCell.swift */; };
		367315E729D7D79400531D41 /* AppDelegate.swift in Sources */ = {isa = PBXBuildFile; fileRef = 367315E629D7D79400531D41 /* AppDelegate.swift */; };
		367315E929D7D79400531D41 /* SceneDelegate.swift in Sources */ = {isa = PBXBuildFile; fileRef = 367315E829D7D79400531D41 /* SceneDelegate.swift */; };
		367315EB29D7D79400531D41 /* ViewController.swift in Sources */ = {isa = PBXBuildFile; fileRef = 367315EA29D7D79400531D41 /* ViewController.swift */; };
		367315F029D7D79600531D41 /* Assets.xcassets in Resources */ = {isa = PBXBuildFile; fileRef = 367315EF29D7D79600531D41 /* Assets.xcassets */; };
		367315F329D7D79600531D41 /* LaunchScreen.storyboard in Resources */ = {isa = PBXBuildFile; fileRef = 367315F129D7D79600531D41 /* LaunchScreen.storyboard */; };
		369B6DEC29DF15C900391F13 /* UIView+.swift in Sources */ = {isa = PBXBuildFile; fileRef = 369B6DEB29DF15C900391F13 /* UIView+.swift */; };
		369B6E4B29E1410800391F13 /* SnapKit in Frameworks */ = {isa = PBXBuildFile; productRef = 369B6E4A29E1410800391F13 /* SnapKit */; };
		369B6E4E29E143EB00391F13 /* Then in Frameworks */ = {isa = PBXBuildFile; productRef = 369B6E4D29E143EB00391F13 /* Then */; };
		36D3CC6D29E8CD5C00B62D9B /* Constant.swift in Sources */ = {isa = PBXBuildFile; fileRef = 36D3CC6C29E8CD5C00B62D9B /* Constant.swift */; };
/* End PBXBuildFile section */

/* Begin PBXFileReference section */
		36110C0C29E1483C000ED129 /* DelegateFristViewControllerViewController.swift */ = {isa = PBXFileReference; lastKnownFileType = sourcecode.swift; path = DelegateFristViewControllerViewController.swift; sourceTree = "<group>"; };
		36110C0E29E1484F000ED129 /* DelegateSecondViewControllerViewController.swift */ = {isa = PBXFileReference; lastKnownFileType = sourcecode.swift; path = DelegateSecondViewControllerViewController.swift; sourceTree = "<group>"; };
		36110C1029E149B7000ED129 /* Test1ViewController.swift */ = {isa = PBXFileReference; lastKnownFileType = sourcecode.swift; path = Test1ViewController.swift; sourceTree = "<group>"; };
		36110C1229E154B5000ED129 /* Test2_FirstViewController.swift */ = {isa = PBXFileReference; lastKnownFileType = sourcecode.swift; path = Test2_FirstViewController.swift; sourceTree = "<group>"; };
		36110C1429E1571F000ED129 /* Test2_SecondViewController.swift */ = {isa = PBXFileReference; lastKnownFileType = sourcecode.swift; path = Test2_SecondViewController.swift; sourceTree = "<group>"; };
		36110C1729E29360000ED129 /* Images.swift */ = {isa = PBXFileReference; lastKnownFileType = sourcecode.swift; path = Images.swift; sourceTree = "<group>"; };
		36110C1A29E299C9000ED129 /* Color.swift */ = {isa = PBXFileReference; lastKnownFileType = sourcecode.swift; path = Color.swift; sourceTree = "<group>"; };
		36110C1D29E29BA5000ED129 /* CustomButton.swift */ = {isa = PBXFileReference; lastKnownFileType = sourcecode.swift; path = CustomButton.swift; sourceTree = "<group>"; };
		3622DB8A29F2537E00452C33 /* TestViewController.swift */ = {isa = PBXFileReference; lastKnownFileType = sourcecode.swift; path = TestViewController.swift; sourceTree = "<group>"; };
		3637A48629D806BC00289A15 /* FirstViewController.swift */ = {isa = PBXFileReference; lastKnownFileType = sourcecode.swift; path = FirstViewController.swift; sourceTree = "<group>"; };
		3637A48829D80F6000289A15 /* SecondViewController.swift */ = {isa = PBXFileReference; lastKnownFileType = sourcecode.swift; path = SecondViewController.swift; sourceTree = "<group>"; };
		36513C3C2A0623BD00A439CF /* Config.swift */ = {isa = PBXFileReference; lastKnownFileType = sourcecode.swift; path = Config.swift; sourceTree = "<group>"; };
		36513C3E2A0623D400A439CF /* NetworkResult.swift */ = {isa = PBXFileReference; lastKnownFileType = sourcecode.swift; path = NetworkResult.swift; sourceTree = "<group>"; };
		36513C402A06264B00A439CF /* SignUpService.swift */ = {isa = PBXFileReference; lastKnownFileType = sourcecode.swift; path = SignUpService.swift; sourceTree = "<group>"; };
		36513C422A06282300A439CF /* FourthViewController.swift */ = {isa = PBXFileReference; lastKnownFileType = sourcecode.swift; path = FourthViewController.swift; sourceTree = "<group>"; };
		36513C442A06289800A439CF /* SignUpResponse.swift */ = {isa = PBXFileReference; lastKnownFileType = sourcecode.swift; path = SignUpResponse.swift; sourceTree = "<group>"; };
		3651571429F3AAFA00598391 /* CommonView.swift */ = {isa = PBXFileReference; lastKnownFileType = sourcecode.swift; path = CommonView.swift; sourceTree = "<group>"; };
		3651571729F3AB5E00598391 /* Week3Viewcontroller.swift */ = {isa = PBXFileReference; lastKnownFileType = sourcecode.swift; path = Week3Viewcontroller.swift; sourceTree = "<group>"; };
		3651571929F3ABEE00598391 /* BaseViewController.swift */ = {isa = PBXFileReference; lastKnownFileType = sourcecode.swift; path = BaseViewController.swift; sourceTree = "<group>"; };
		3651571B29F3AC0400598391 /* BaseView.swift */ = {isa = PBXFileReference; lastKnownFileType = sourcecode.swift; path = BaseView.swift; sourceTree = "<group>"; };
		3651571F29F3B10600598391 /* CarrotViewController.swift */ = {isa = PBXFileReference; lastKnownFileType = sourcecode.swift; path = CarrotViewController.swift; sourceTree = "<group>"; };
		3651572229F3B1A100598391 /* Carrot.swift */ = {isa = PBXFileReference; lastKnownFileType = sourcecode.swift; path = Carrot.swift; sourceTree = "<group>"; };
		3651572529F3B59800598391 /* CarrotTableViewCell.swift */ = {isa = PBXFileReference; lastKnownFileType = sourcecode.swift; path = CarrotTableViewCell.swift; sourceTree = "<group>"; };
		3651572729F3B75A00598391 /* UIImage+.swift */ = {isa = PBXFileReference; lastKnownFileType = sourcecode.swift; path = "UIImage+.swift"; sourceTree = "<group>"; };
		3651572929F3BD4F00598391 /* Int+.swift */ = {isa = PBXFileReference; lastKnownFileType = sourcecode.swift; path = "Int+.swift"; sourceTree = "<group>"; };
		3651572C29F3BF1E00598391 /* PhotoViewController.swift */ = {isa = PBXFileReference; lastKnownFileType = sourcecode.swift; path = PhotoViewController.swift; sourceTree = "<group>"; };
		3651572E29F3BFCC00598391 /* Photos.swift */ = {isa = PBXFileReference; lastKnownFileType = sourcecode.swift; path = Photos.swift; sourceTree = "<group>"; };
		3651573229F3C0C800598391 /* PhotoCell.swift */ = {isa = PBXFileReference; lastKnownFileType = sourcecode.swift; path = PhotoCell.swift; sourceTree = "<group>"; };
		367315E329D7D79400531D41 /* SOPT_iOS.app */ = {isa = PBXFileReference; explicitFileType = wrapper.application; includeInIndex = 0; path = SOPT_iOS.app; sourceTree = BUILT_PRODUCTS_DIR; };
		367315E629D7D79400531D41 /* AppDelegate.swift */ = {isa = PBXFileReference; lastKnownFileType = sourcecode.swift; path = AppDelegate.swift; sourceTree = "<group>"; };
		367315E829D7D79400531D41 /* SceneDelegate.swift */ = {isa = PBXFileReference; lastKnownFileType = sourcecode.swift; path = SceneDelegate.swift; sourceTree = "<group>"; };
		367315EA29D7D79400531D41 /* ViewController.swift */ = {isa = PBXFileReference; lastKnownFileType = sourcecode.swift; path = ViewController.swift; sourceTree = "<group>"; };
		367315EF29D7D79600531D41 /* Assets.xcassets */ = {isa = PBXFileReference; lastKnownFileType = folder.assetcatalog; path = Assets.xcassets; sourceTree = "<group>"; };
		367315F229D7D79600531D41 /* Base */ = {isa = PBXFileReference; lastKnownFileType = file.storyboard; name = Base; path = Base.lproj/LaunchScreen.storyboard; sourceTree = "<group>"; };
		367315F429D7D79600531D41 /* Info.plist */ = {isa = PBXFileReference; lastKnownFileType = text.plist.xml; path = Info.plist; sourceTree = "<group>"; };
		369B6DEB29DF15C900391F13 /* UIView+.swift */ = {isa = PBXFileReference; lastKnownFileType = sourcecode.swift; path = "UIView+.swift"; sourceTree = "<group>"; };
		36D3CC6C29E8CD5C00B62D9B /* Constant.swift */ = {isa = PBXFileReference; lastKnownFileType = sourcecode.swift; path = Constant.swift; sourceTree = "<group>"; };
/* End PBXFileReference section */

/* Begin PBXFrameworksBuildPhase section */
		367315E029D7D79400531D41 /* Frameworks */ = {
			isa = PBXFrameworksBuildPhase;
			buildActionMask = 2147483647;
			files = (
				36513C3B2A06222A00A439CF /* Alamofire in Frameworks */,
				369B6E4B29E1410800391F13 /* SnapKit in Frameworks */,
				369B6E4E29E143EB00391F13 /* Then in Frameworks */,
			);
			runOnlyForDeploymentPostprocessing = 0;
		};
/* End PBXFrameworksBuildPhase section */

/* Begin PBXGroup section */
		36110C0B29E14816000ED129 /* 2nd_Seminar */ = {
			isa = PBXGroup;
			children = (
				36110C0C29E1483C000ED129 /* DelegateFristViewControllerViewController.swift */,
				36110C0E29E1484F000ED129 /* DelegateSecondViewControllerViewController.swift */,
				36110C1029E149B7000ED129 /* Test1ViewController.swift */,
				36110C1229E154B5000ED129 /* Test2_FirstViewController.swift */,
				36110C1429E1571F000ED129 /* Test2_SecondViewController.swift */,
				3622DB8A29F2537E00452C33 /* TestViewController.swift */,
			);
			path = 2nd_Seminar;
			sourceTree = "<group>";
		};
		36110C1629E29346000ED129 /* Structs */ = {
			isa = PBXGroup;
			children = (
				36110C1729E29360000ED129 /* Images.swift */,
				36110C1A29E299C9000ED129 /* Color.swift */,
				36D3CC6C29E8CD5C00B62D9B /* Constant.swift */,
			);
			path = Structs;
			sourceTree = "<group>";
		};
		36110C1C29E29B7F000ED129 /* CustomView */ = {
			isa = PBXGroup;
			children = (
				36110C1D29E29BA5000ED129 /* CustomButton.swift */,
			);
			path = CustomView;
			sourceTree = "<group>";
		};
		3630BD942A06187C00310506 /* 4th Seminar */ = {
			isa = PBXGroup;
			children = (
				36513C422A06282300A439CF /* FourthViewController.swift */,
				36513C3C2A0623BD00A439CF /* Config.swift */,
				36513C3E2A0623D400A439CF /* NetworkResult.swift */,
				36513C402A06264B00A439CF /* SignUpService.swift */,
				36513C442A06289800A439CF /* SignUpResponse.swift */,
			);
			path = "4th Seminar";
			sourceTree = "<group>";
		};
		3651571229F3AA8F00598391 /* 3rd_Seminar */ = {
			isa = PBXGroup;
			children = (
				3651572B29F3BF0F00598391 /* Photos */,
				3651572429F3B51400598391 /* Carrot */,
				3651571629F3AB4C00598391 /* Viewcontrollers */,
				3651571329F3AAEB00598391 /* Views */,
			);
			path = 3rd_Seminar;
			sourceTree = "<group>";
		};
		3651571329F3AAEB00598391 /* Views */ = {
			isa = PBXGroup;
			children = (
				3651571429F3AAFA00598391 /* CommonView.swift */,
				3651571B29F3AC0400598391 /* BaseView.swift */,
			);
			path = Views;
			sourceTree = "<group>";
		};
		3651571629F3AB4C00598391 /* Viewcontrollers */ = {
			isa = PBXGroup;
			children = (
				3651571729F3AB5E00598391 /* Week3Viewcontroller.swift */,
				3651571929F3ABEE00598391 /* BaseViewController.swift */,
			);
			path = Viewcontrollers;
			sourceTree = "<group>";
		};
		3651572129F3B18D00598391 /* Struct */ = {
			isa = PBXGroup;
			children = (
				3651572229F3B1A100598391 /* Carrot.swift */,
			);
			path = Struct;
			sourceTree = "<group>";
		};
		3651572429F3B51400598391 /* Carrot */ = {
			isa = PBXGroup;
			children = (
				3651572129F3B18D00598391 /* Struct */,
				3651571F29F3B10600598391 /* CarrotViewController.swift */,
				3651572529F3B59800598391 /* CarrotTableViewCell.swift */,
			);
			path = Carrot;
			sourceTree = "<group>";
		};
		3651572B29F3BF0F00598391 /* Photos */ = {
			isa = PBXGroup;
			children = (
				3651572C29F3BF1E00598391 /* PhotoViewController.swift */,
				3651572E29F3BFCC00598391 /* Photos.swift */,
				3651573229F3C0C800598391 /* PhotoCell.swift */,
			);
			path = Photos;
			sourceTree = "<group>";
		};
		367315DA29D7D79400531D41 = {
			isa = PBXGroup;
			children = (
				367315E529D7D79400531D41 /* SOPT_iOS */,
				367315E429D7D79400531D41 /* Products */,
			);
			sourceTree = "<group>";
		};
		367315E429D7D79400531D41 /* Products */ = {
			isa = PBXGroup;
			children = (
				367315E329D7D79400531D41 /* SOPT_iOS.app */,
			);
			name = Products;
			sourceTree = "<group>";
		};
		367315E529D7D79400531D41 /* SOPT_iOS */ = {
			isa = PBXGroup;
			children = (
				367315E629D7D79400531D41 /* AppDelegate.swift */,
				367315E829D7D79400531D41 /* SceneDelegate.swift */,
				367315EA29D7D79400531D41 /* ViewController.swift */,
				36110C1629E29346000ED129 /* Structs */,
				369B6DEA29DF150C00391F13 /* Extension */,
				367315EF29D7D79600531D41 /* Assets.xcassets */,
				367315F129D7D79600531D41 /* LaunchScreen.storyboard */,
				367315F429D7D79600531D41 /* Info.plist */,
				3630BD942A06187C00310506 /* 4th Seminar */,
				36110C1C29E29B7F000ED129 /* CustomView */,
				369B6E4329E132C400391F13 /* 1st_Seminar */,
				36110C0B29E14816000ED129 /* 2nd_Seminar */,
				3651571229F3AA8F00598391 /* 3rd_Seminar */,
			);
			path = SOPT_iOS;
			sourceTree = "<group>";
		};
		369B6DE929DF14F800391F13 /* ViewController */ = {
			isa = PBXGroup;
			children = (
				3637A48629D806BC00289A15 /* FirstViewController.swift */,
				3637A48829D80F6000289A15 /* SecondViewController.swift */,
			);
			path = ViewController;
			sourceTree = "<group>";
		};
		369B6DEA29DF150C00391F13 /* Extension */ = {
			isa = PBXGroup;
			children = (
				369B6DEB29DF15C900391F13 /* UIView+.swift */,
				3651572729F3B75A00598391 /* UIImage+.swift */,
				3651572929F3BD4F00598391 /* Int+.swift */,
			);
			path = Extension;
			sourceTree = "<group>";
		};
		369B6E4329E132C400391F13 /* 1st_Seminar */ = {
			isa = PBXGroup;
			children = (
				369B6DE929DF14F800391F13 /* ViewController */,
			);
			path = 1st_Seminar;
			sourceTree = "<group>";
		};
/* End PBXGroup section */

/* Begin PBXNativeTarget section */
		367315E229D7D79400531D41 /* SOPT_iOS */ = {
			isa = PBXNativeTarget;
			buildConfigurationList = 367315F729D7D79600531D41 /* Build configuration list for PBXNativeTarget "SOPT_iOS" */;
			buildPhases = (
				367315DF29D7D79400531D41 /* Sources */,
				367315E029D7D79400531D41 /* Frameworks */,
				367315E129D7D79400531D41 /* Resources */,
			);
			buildRules = (
			);
			dependencies = (
			);
			name = SOPT_iOS;
			packageProductDependencies = (
				369B6E4A29E1410800391F13 /* SnapKit */,
				369B6E4D29E143EB00391F13 /* Then */,
				36513C3A2A06222A00A439CF /* Alamofire */,
			);
			productName = SOPT_iOS;
			productReference = 367315E329D7D79400531D41 /* SOPT_iOS.app */;
			productType = "com.apple.product-type.application";
		};
/* End PBXNativeTarget section */

/* Begin PBXProject section */
		367315DB29D7D79400531D41 /* Project object */ = {
			isa = PBXProject;
			attributes = {
				BuildIndependentTargetsInParallel = 1;
				LastSwiftUpdateCheck = 1430;
				LastUpgradeCheck = 1430;
				TargetAttributes = {
					367315E229D7D79400531D41 = {
						CreatedOnToolsVersion = 14.3;
					};
				};
			};
			buildConfigurationList = 367315DE29D7D79400531D41 /* Build configuration list for PBXProject "SOPT_iOS" */;
			compatibilityVersion = "Xcode 14.0";
			developmentRegion = en;
			hasScannedForEncodings = 0;
			knownRegions = (
				en,
				Base,
			);
			mainGroup = 367315DA29D7D79400531D41;
			packageReferences = (
				369B6E4929E1410700391F13 /* XCRemoteSwiftPackageReference "SnapKit" */,
				369B6E4C29E143EB00391F13 /* XCRemoteSwiftPackageReference "Then" */,
				36513C392A06222A00A439CF /* XCRemoteSwiftPackageReference "Alamofire" */,
			);
			productRefGroup = 367315E429D7D79400531D41 /* Products */;
			projectDirPath = "";
			projectRoot = "";
			targets = (
				367315E229D7D79400531D41 /* SOPT_iOS */,
			);
		};
/* End PBXProject section */

/* Begin PBXResourcesBuildPhase section */
		367315E129D7D79400531D41 /* Resources */ = {
			isa = PBXResourcesBuildPhase;
			buildActionMask = 2147483647;
			files = (
				367315F329D7D79600531D41 /* LaunchScreen.storyboard in Resources */,
				367315F029D7D79600531D41 /* Assets.xcassets in Resources */,
			);
			runOnlyForDeploymentPostprocessing = 0;
		};
/* End PBXResourcesBuildPhase section */

/* Begin PBXSourcesBuildPhase section */
		367315DF29D7D79400531D41 /* Sources */ = {
			isa = PBXSourcesBuildPhase;
			buildActionMask = 2147483647;
			files = (
				3651573329F3C0C800598391 /* PhotoCell.swift in Sources */,
				36513C432A06282300A439CF /* FourthViewController.swift in Sources */,
				3651572F29F3BFCC00598391 /* Photos.swift in Sources */,
				36110C1129E149B7000ED129 /* Test1ViewController.swift in Sources */,
				3651572029F3B10600598391 /* CarrotViewController.swift in Sources */,
				36110C1829E29360000ED129 /* Images.swift in Sources */,
				36D3CC6D29E8CD5C00B62D9B /* Constant.swift in Sources */,
				36110C0F29E1484F000ED129 /* DelegateSecondViewControllerViewController.swift in Sources */,
				3651571A29F3ABEE00598391 /* BaseViewController.swift in Sources */,
				369B6DEC29DF15C900391F13 /* UIView+.swift in Sources */,
				3651572A29F3BD4F00598391 /* Int+.swift in Sources */,
				36110C1E29E29BA5000ED129 /* CustomButton.swift in Sources */,
				3651572329F3B1A100598391 /* Carrot.swift in Sources */,
				3651571C29F3AC0400598391 /* BaseView.swift in Sources */,
				36110C1B29E299C9000ED129 /* Color.swift in Sources */,
				36110C0D29E1483C000ED129 /* DelegateFristViewControllerViewController.swift in Sources */,
				3651572629F3B59800598391 /* CarrotTableViewCell.swift in Sources */,
				367315EB29D7D79400531D41 /* ViewController.swift in Sources */,
				3651571529F3AAFA00598391 /* CommonView.swift in Sources */,
				3651571829F3AB5E00598391 /* Week3Viewcontroller.swift in Sources */,
				367315E729D7D79400531D41 /* AppDelegate.swift in Sources */,
				36110C1329E154B5000ED129 /* Test2_FirstViewController.swift in Sources */,
				36513C412A06264B00A439CF /* SignUpService.swift in Sources */,
				36513C3F2A0623D400A439CF /* NetworkResult.swift in Sources */,
				367315E929D7D79400531D41 /* SceneDelegate.swift in Sources */,
				36513C452A06289800A439CF /* SignUpResponse.swift in Sources */,
				36513C3D2A0623BD00A439CF /* Config.swift in Sources */,
				3637A48929D80F6000289A15 /* SecondViewController.swift in Sources */,
				3637A48729D806BC00289A15 /* FirstViewController.swift in Sources */,
				3651572829F3B75A00598391 /* UIImage+.swift in Sources */,
				3622DB8B29F2537E00452C33 /* TestViewController.swift in Sources */,
				36110C1529E1571F000ED129 /* Test2_SecondViewController.swift in Sources */,
				3651572D29F3BF1E00598391 /* PhotoViewController.swift in Sources */,
			);
			runOnlyForDeploymentPostprocessing = 0;
		};
/* End PBXSourcesBuildPhase section */

/* Begin PBXVariantGroup section */
		367315F129D7D79600531D41 /* LaunchScreen.storyboard */ = {
			isa = PBXVariantGroup;
			children = (
				367315F229D7D79600531D41 /* Base */,
			);
			name = LaunchScreen.storyboard;
			sourceTree = "<group>";
		};
/* End PBXVariantGroup section */

/* Begin XCBuildConfiguration section */
		367315F529D7D79600531D41 /* Debug */ = {
			isa = XCBuildConfiguration;
			buildSettings = {
				ALWAYS_SEARCH_USER_PATHS = NO;
				BASE_URL = "http://54.180.123.11";
				CLANG_ANALYZER_NONNULL = YES;
				CLANG_ANALYZER_NUMBER_OBJECT_CONVERSION = YES_AGGRESSIVE;
				CLANG_CXX_LANGUAGE_STANDARD = "gnu++20";
				CLANG_ENABLE_MODULES = YES;
				CLANG_ENABLE_OBJC_ARC = YES;
				CLANG_ENABLE_OBJC_WEAK = YES;
				CLANG_WARN_BLOCK_CAPTURE_AUTORELEASING = YES;
				CLANG_WARN_BOOL_CONVERSION = YES;
				CLANG_WARN_COMMA = YES;
				CLANG_WARN_CONSTANT_CONVERSION = YES;
				CLANG_WARN_DEPRECATED_OBJC_IMPLEMENTATIONS = YES;
				CLANG_WARN_DIRECT_OBJC_ISA_USAGE = YES_ERROR;
				CLANG_WARN_DOCUMENTATION_COMMENTS = YES;
				CLANG_WARN_EMPTY_BODY = YES;
				CLANG_WARN_ENUM_CONVERSION = YES;
				CLANG_WARN_INFINITE_RECURSION = YES;
				CLANG_WARN_INT_CONVERSION = YES;
				CLANG_WARN_NON_LITERAL_NULL_CONVERSION = YES;
				CLANG_WARN_OBJC_IMPLICIT_RETAIN_SELF = YES;
				CLANG_WARN_OBJC_LITERAL_CONVERSION = YES;
				CLANG_WARN_OBJC_ROOT_CLASS = YES_ERROR;
				CLANG_WARN_QUOTED_INCLUDE_IN_FRAMEWORK_HEADER = YES;
				CLANG_WARN_RANGE_LOOP_ANALYSIS = YES;
				CLANG_WARN_STRICT_PROTOTYPES = YES;
				CLANG_WARN_SUSPICIOUS_MOVE = YES;
				CLANG_WARN_UNGUARDED_AVAILABILITY = YES_AGGRESSIVE;
				CLANG_WARN_UNREACHABLE_CODE = YES;
				CLANG_WARN__DUPLICATE_METHOD_MATCH = YES;
				COPY_PHASE_STRIP = NO;
				DEBUG_INFORMATION_FORMAT = dwarf;
				ENABLE_STRICT_OBJC_MSGSEND = YES;
				ENABLE_TESTABILITY = YES;
				GCC_C_LANGUAGE_STANDARD = gnu11;
				GCC_DYNAMIC_NO_PIC = NO;
				GCC_NO_COMMON_BLOCKS = YES;
				GCC_OPTIMIZATION_LEVEL = 0;
				GCC_PREPROCESSOR_DEFINITIONS = (
					"DEBUG=1",
					"$(inherited)",
				);
				GCC_WARN_64_TO_32_BIT_CONVERSION = YES;
				GCC_WARN_ABOUT_RETURN_TYPE = YES_ERROR;
				GCC_WARN_UNDECLARED_SELECTOR = YES;
				GCC_WARN_UNINITIALIZED_AUTOS = YES_AGGRESSIVE;
				GCC_WARN_UNUSED_FUNCTION = YES;
				GCC_WARN_UNUSED_VARIABLE = YES;
				IPHONEOS_DEPLOYMENT_TARGET = 16.4;
				MTL_ENABLE_DEBUG_INFO = INCLUDE_SOURCE;
				MTL_FAST_MATH = YES;
				NEW_SETTING1 = "";
				ONLY_ACTIVE_ARCH = YES;
				SDKROOT = iphoneos;
				SWIFT_ACTIVE_COMPILATION_CONDITIONS = DEBUG;
				SWIFT_OPTIMIZATION_LEVEL = "-Onone";
			};
			name = Debug;
		};
		367315F629D7D79600531D41 /* Release */ = {
			isa = XCBuildConfiguration;
			buildSettings = {
				ALWAYS_SEARCH_USER_PATHS = NO;
				BASE_URL = "http://54.180.123.11";
				CLANG_ANALYZER_NONNULL = YES;
				CLANG_ANALYZER_NUMBER_OBJECT_CONVERSION = YES_AGGRESSIVE;
				CLANG_CXX_LANGUAGE_STANDARD = "gnu++20";
				CLANG_ENABLE_MODULES = YES;
				CLANG_ENABLE_OBJC_ARC = YES;
				CLANG_ENABLE_OBJC_WEAK = YES;
				CLANG_WARN_BLOCK_CAPTURE_AUTORELEASING = YES;
				CLANG_WARN_BOOL_CONVERSION = YES;
				CLANG_WARN_COMMA = YES;
				CLANG_WARN_CONSTANT_CONVERSION = YES;
				CLANG_WARN_DEPRECATED_OBJC_IMPLEMENTATIONS = YES;
				CLANG_WARN_DIRECT_OBJC_ISA_USAGE = YES_ERROR;
				CLANG_WARN_DOCUMENTATION_COMMENTS = YES;
				CLANG_WARN_EMPTY_BODY = YES;
				CLANG_WARN_ENUM_CONVERSION = YES;
				CLANG_WARN_INFINITE_RECURSION = YES;
				CLANG_WARN_INT_CONVERSION = YES;
				CLANG_WARN_NON_LITERAL_NULL_CONVERSION = YES;
				CLANG_WARN_OBJC_IMPLICIT_RETAIN_SELF = YES;
				CLANG_WARN_OBJC_LITERAL_CONVERSION = YES;
				CLANG_WARN_OBJC_ROOT_CLASS = YES_ERROR;
				CLANG_WARN_QUOTED_INCLUDE_IN_FRAMEWORK_HEADER = YES;
				CLANG_WARN_RANGE_LOOP_ANALYSIS = YES;
				CLANG_WARN_STRICT_PROTOTYPES = YES;
				CLANG_WARN_SUSPICIOUS_MOVE = YES;
				CLANG_WARN_UNGUARDED_AVAILABILITY = YES_AGGRESSIVE;
				CLANG_WARN_UNREACHABLE_CODE = YES;
				CLANG_WARN__DUPLICATE_METHOD_MATCH = YES;
				COPY_PHASE_STRIP = NO;
				DEBUG_INFORMATION_FORMAT = "dwarf-with-dsym";
				ENABLE_NS_ASSERTIONS = NO;
				ENABLE_STRICT_OBJC_MSGSEND = YES;
				GCC_C_LANGUAGE_STANDARD = gnu11;
				GCC_NO_COMMON_BLOCKS = YES;
				GCC_WARN_64_TO_32_BIT_CONVERSION = YES;
				GCC_WARN_ABOUT_RETURN_TYPE = YES_ERROR;
				GCC_WARN_UNDECLARED_SELECTOR = YES;
				GCC_WARN_UNINITIALIZED_AUTOS = YES_AGGRESSIVE;
				GCC_WARN_UNUSED_FUNCTION = YES;
				GCC_WARN_UNUSED_VARIABLE = YES;
				IPHONEOS_DEPLOYMENT_TARGET = 16.4;
				MTL_ENABLE_DEBUG_INFO = NO;
				MTL_FAST_MATH = YES;
				NEW_SETTING1 = "";
				SDKROOT = iphoneos;
				SWIFT_COMPILATION_MODE = wholemodule;
				SWIFT_OPTIMIZATION_LEVEL = "-O";
				VALIDATE_PRODUCT = YES;
			};
			name = Release;
		};
		367315F829D7D79600531D41 /* Debug */ = {
			isa = XCBuildConfiguration;
			buildSettings = {
				ASSETCATALOG_COMPILER_APPICON_NAME = AppIcon;
				ASSETCATALOG_COMPILER_GLOBAL_ACCENT_COLOR_NAME = AccentColor;
				ASSETCATALOG_COMPILER_INCLUDE_ALL_APPICON_ASSETS = NO;
				CODE_SIGN_STYLE = Automatic;
				CURRENT_PROJECT_VERSION = 1;
				DEVELOPMENT_TEAM = 8D8H8KC6DH;
				GENERATE_INFOPLIST_FILE = YES;
				INFOPLIST_FILE = SOPT_iOS/Info.plist;
				INFOPLIST_KEY_UIApplicationSupportsIndirectInputEvents = YES;
				INFOPLIST_KEY_UILaunchStoryboardName = LaunchScreen;
				INFOPLIST_KEY_UISupportedInterfaceOrientations_iPad = "UIInterfaceOrientationPortrait UIInterfaceOrientationPortraitUpsideDown UIInterfaceOrientationLandscapeLeft UIInterfaceOrientationLandscapeRight";
				INFOPLIST_KEY_UISupportedInterfaceOrientations_iPhone = "UIInterfaceOrientationPortrait UIInterfaceOrientationLandscapeLeft UIInterfaceOrientationLandscapeRight";
				LD_RUNPATH_SEARCH_PATHS = (
					"$(inherited)",
					"@executable_path/Frameworks",
				);
				MARKETING_VERSION = 1.0;
				PRODUCT_BUNDLE_IDENTIFIER = "LJH.SOPT-iOS";
				PRODUCT_NAME = "$(TARGET_NAME)";
				SWIFT_EMIT_LOC_STRINGS = YES;
				SWIFT_VERSION = 5.0;
				TARGETED_DEVICE_FAMILY = "1,2";
			};
			name = Debug;
		};
		367315F929D7D79600531D41 /* Release */ = {
			isa = XCBuildConfiguration;
			buildSettings = {
				ASSETCATALOG_COMPILER_APPICON_NAME = AppIcon;
				ASSETCATALOG_COMPILER_GLOBAL_ACCENT_COLOR_NAME = AccentColor;
				ASSETCATALOG_COMPILER_INCLUDE_ALL_APPICON_ASSETS = NO;
				CODE_SIGN_STYLE = Automatic;
				CURRENT_PROJECT_VERSION = 1;
				DEVELOPMENT_TEAM = 8D8H8KC6DH;
				GENERATE_INFOPLIST_FILE = YES;
				INFOPLIST_FILE = SOPT_iOS/Info.plist;
				INFOPLIST_KEY_UIApplicationSupportsIndirectInputEvents = YES;
				INFOPLIST_KEY_UILaunchStoryboardName = LaunchScreen;
				INFOPLIST_KEY_UISupportedInterfaceOrientations_iPad = "UIInterfaceOrientationPortrait UIInterfaceOrientationPortraitUpsideDown UIInterfaceOrientationLandscapeLeft UIInterfaceOrientationLandscapeRight";
				INFOPLIST_KEY_UISupportedInterfaceOrientations_iPhone = "UIInterfaceOrientationPortrait UIInterfaceOrientationLandscapeLeft UIInterfaceOrientationLandscapeRight";
				LD_RUNPATH_SEARCH_PATHS = (
					"$(inherited)",
					"@executable_path/Frameworks",
				);
				MARKETING_VERSION = 1.0;
				PRODUCT_BUNDLE_IDENTIFIER = "LJH.SOPT-iOS";
				PRODUCT_NAME = "$(TARGET_NAME)";
				SWIFT_EMIT_LOC_STRINGS = YES;
				SWIFT_VERSION = 5.0;
				TARGETED_DEVICE_FAMILY = "1,2";
			};
			name = Release;
		};
/* End XCBuildConfiguration section */

/* Begin XCConfigurationList section */
		367315DE29D7D79400531D41 /* Build configuration list for PBXProject "SOPT_iOS" */ = {
			isa = XCConfigurationList;
			buildConfigurations = (
				367315F529D7D79600531D41 /* Debug */,
				367315F629D7D79600531D41 /* Release */,
			);
			defaultConfigurationIsVisible = 0;
			defaultConfigurationName = Release;
		};
		367315F729D7D79600531D41 /* Build configuration list for PBXNativeTarget "SOPT_iOS" */ = {
			isa = XCConfigurationList;
			buildConfigurations = (
				367315F829D7D79600531D41 /* Debug */,
				367315F929D7D79600531D41 /* Release */,
			);
			defaultConfigurationIsVisible = 0;
			defaultConfigurationName = Release;
		};
/* End XCConfigurationList section */

/* Begin XCRemoteSwiftPackageReference section */
		36513C392A06222A00A439CF /* XCRemoteSwiftPackageReference "Alamofire" */ = {
			isa = XCRemoteSwiftPackageReference;
			repositoryURL = "https://github.com/Alamofire/Alamofire.git";
			requirement = {
				kind = upToNextMajorVersion;
				minimumVersion = 5.0.0;
			};
		};
		369B6E4929E1410700391F13 /* XCRemoteSwiftPackageReference "SnapKit" */ = {
			isa = XCRemoteSwiftPackageReference;
			repositoryURL = "https://github.com/SnapKit/SnapKit.git";
			requirement = {
				kind = upToNextMajorVersion;
				minimumVersion = 5.0.0;
			};
		};
		369B6E4C29E143EB00391F13 /* XCRemoteSwiftPackageReference "Then" */ = {
			isa = XCRemoteSwiftPackageReference;
			repositoryURL = "https://github.com/devxoul/Then.git";
			requirement = {
				kind = upToNextMajorVersion;
				minimumVersion = 3.0.0;
			};
		};
/* End XCRemoteSwiftPackageReference section */

/* Begin XCSwiftPackageProductDependency section */
		36513C3A2A06222A00A439CF /* Alamofire */ = {
			isa = XCSwiftPackageProductDependency;
			package = 36513C392A06222A00A439CF /* XCRemoteSwiftPackageReference "Alamofire" */;
			productName = Alamofire;
		};
		369B6E4A29E1410800391F13 /* SnapKit */ = {
			isa = XCSwiftPackageProductDependency;
			package = 369B6E4929E1410700391F13 /* XCRemoteSwiftPackageReference "SnapKit" */;
			productName = SnapKit;
		};
		369B6E4D29E143EB00391F13 /* Then */ = {
			isa = XCSwiftPackageProductDependency;
			package = 369B6E4C29E143EB00391F13 /* XCRemoteSwiftPackageReference "Then" */;
			productName = Then;
		};
/* End XCSwiftPackageProductDependency section */
	};
	rootObject = 367315DB29D7D79400531D41 /* Project object */;
}
