// !$*UTF8*$!
{
	archiveVersion = 1;
	classes = {
	};
	objectVersion = 56;
	objects = {

/* Begin PBXBuildFile section */
		360EA0A12A0019950014D9F1 /* SettingTableViewCell.swift in Sources */ = {isa = PBXBuildFile; fileRef = 360EA0A02A0019950014D9F1 /* SettingTableViewCell.swift */; };
		360EA0A32A002D180014D9F1 /* BaseScrollView.swift in Sources */ = {isa = PBXBuildFile; fileRef = 360EA0A22A002D180014D9F1 /* BaseScrollView.swift */; };
		360EA0A92A0051360014D9F1 /* SettingHeaderView.swift in Sources */ = {isa = PBXBuildFile; fileRef = 360EA0A82A0051360014D9F1 /* SettingHeaderView.swift */; };
		360EA0AB2A00DF140014D9F1 /* MainView.swift in Sources */ = {isa = PBXBuildFile; fileRef = 360EA0AA2A00DF140014D9F1 /* MainView.swift */; };
		360EA0AD2A00DF1F0014D9F1 /* MainViewController.swift in Sources */ = {isa = PBXBuildFile; fileRef = 360EA0AC2A00DF1F0014D9F1 /* MainViewController.swift */; };
		360EA0B22A016E610014D9F1 /* PosterCollectionViewCell.swift in Sources */ = {isa = PBXBuildFile; fileRef = 360EA0B12A016E610014D9F1 /* PosterCollectionViewCell.swift */; };
		360EA0B42A017A160014D9F1 /* Poster.swift in Sources */ = {isa = PBXBuildFile; fileRef = 360EA0B32A017A160014D9F1 /* Poster.swift */; };
		360EA0B62A0218720014D9F1 /* HeaderView.swift in Sources */ = {isa = PBXBuildFile; fileRef = 360EA0B52A0218720014D9F1 /* HeaderView.swift */; };
		360EA0BD2A0235A40014D9F1 /* LiveCollectionViewCell.swift in Sources */ = {isa = PBXBuildFile; fileRef = 360EA0BC2A0235A40014D9F1 /* LiveCollectionViewCell.swift */; };
		360EA0BF2A02387E0014D9F1 /* Content.swift in Sources */ = {isa = PBXBuildFile; fileRef = 360EA0BE2A02387E0014D9F1 /* Content.swift */; };
		360EA0C32A0240C30014D9F1 /* TableViewItem.swift in Sources */ = {isa = PBXBuildFile; fileRef = 360EA0C22A0240C30014D9F1 /* TableViewItem.swift */; };
		360EA0E52A02C4830014D9F1 /* MainTabBarController.swift in Sources */ = {isa = PBXBuildFile; fileRef = 360EA0E42A02C4830014D9F1 /* MainTabBarController.swift */; };
		360EA0E72A02C9AE0014D9F1 /* ReleasedViewController.swift in Sources */ = {isa = PBXBuildFile; fileRef = 360EA0E62A02C9AE0014D9F1 /* ReleasedViewController.swift */; };
		360EA0E92A02C9BC0014D9F1 /* SearchViewController.swift in Sources */ = {isa = PBXBuildFile; fileRef = 360EA0E82A02C9BC0014D9F1 /* SearchViewController.swift */; };
		360EA0EB2A02C9DD0014D9F1 /* RecordViewController.swift in Sources */ = {isa = PBXBuildFile; fileRef = 360EA0EA2A02C9DD0014D9F1 /* RecordViewController.swift */; };
		360EA0ED2A0302CA0014D9F1 /* LargePosterCollectionViewCell.swift in Sources */ = {isa = PBXBuildFile; fileRef = 360EA0EC2A0302CA0014D9F1 /* LargePosterCollectionViewCell.swift */; };
		36110C3329E46285000ED129 /* AppDelegate.swift in Sources */ = {isa = PBXBuildFile; fileRef = 36110C3229E46285000ED129 /* AppDelegate.swift */; };
		36110C3529E46285000ED129 /* SceneDelegate.swift in Sources */ = {isa = PBXBuildFile; fileRef = 36110C3429E46285000ED129 /* SceneDelegate.swift */; };
		36110C3729E46285000ED129 /* SignInViewController.swift in Sources */ = {isa = PBXBuildFile; fileRef = 36110C3629E46285000ED129 /* SignInViewController.swift */; };
		36110C3C29E46287000ED129 /* Assets.xcassets in Resources */ = {isa = PBXBuildFile; fileRef = 36110C3B29E46287000ED129 /* Assets.xcassets */; };
		36110C3F29E46287000ED129 /* LaunchScreen.storyboard in Resources */ = {isa = PBXBuildFile; fileRef = 36110C3D29E46287000ED129 /* LaunchScreen.storyboard */; };
		36110C4829E463A1000ED129 /* SnapKit in Frameworks */ = {isa = PBXBuildFile; productRef = 36110C4729E463A1000ED129 /* SnapKit */; };
		36110C4B29E463BF000ED129 /* Then in Frameworks */ = {isa = PBXBuildFile; productRef = 36110C4A29E463BF000ED129 /* Then */; };
		36110C5029E4660E000ED129 /* UIView+.swift in Sources */ = {isa = PBXBuildFile; fileRef = 36110C4F29E4660E000ED129 /* UIView+.swift */; };
		36110C5229E46619000ED129 /* UIColor+.swift in Sources */ = {isa = PBXBuildFile; fileRef = 36110C5129E46619000ED129 /* UIColor+.swift */; };
		36110C5429E4675F000ED129 /* UIFont+.swift in Sources */ = {isa = PBXBuildFile; fileRef = 36110C5329E4675F000ED129 /* UIFont+.swift */; };
		36110C5629E467AA000ED129 /* UIButton+.swift in Sources */ = {isa = PBXBuildFile; fileRef = 36110C5529E467AA000ED129 /* UIButton+.swift */; };
		36110C5829E467C3000ED129 /* UITextField+.swift in Sources */ = {isa = PBXBuildFile; fileRef = 36110C5729E467C3000ED129 /* UITextField+.swift */; };
		36110C5A29E46F8C000ED129 /* UIStackView+.swift in Sources */ = {isa = PBXBuildFile; fileRef = 36110C5929E46F8C000ED129 /* UIStackView+.swift */; };
		36110C5F29E49DAA000ED129 /* Images.swift in Sources */ = {isa = PBXBuildFile; fileRef = 36110C5E29E49DAA000ED129 /* Images.swift */; };
		36110C6129E4ADD6000ED129 /* LoginSucessViewController.swift in Sources */ = {isa = PBXBuildFile; fileRef = 36110C6029E4ADD6000ED129 /* LoginSucessViewController.swift */; };
		36110C7329E8026C000ED129 /* Pretendard-Regular.otf in Resources */ = {isa = PBXBuildFile; fileRef = 36110C7029E8026B000ED129 /* Pretendard-Regular.otf */; };
		36110C7429E8026C000ED129 /* Pretendard-Bold.otf in Resources */ = {isa = PBXBuildFile; fileRef = 36110C7129E8026B000ED129 /* Pretendard-Bold.otf */; };
		36110C7529E8026C000ED129 /* Pretendard-SemiBold.otf in Resources */ = {isa = PBXBuildFile; fileRef = 36110C7229E8026C000ED129 /* Pretendard-SemiBold.otf */; };
		36110C7829E803BE000ED129 /* CustomTextField.swift in Sources */ = {isa = PBXBuildFile; fileRef = 36110C7729E803BE000ED129 /* CustomTextField.swift */; };
		361FB16229FFACDC00F54E43 /* SettingViewController.swift in Sources */ = {isa = PBXBuildFile; fileRef = 361FB16129FFACDC00F54E43 /* SettingViewController.swift */; };
		361FB16429FFADA600F54E43 /* BaseViewController.swift in Sources */ = {isa = PBXBuildFile; fileRef = 361FB16329FFADA600F54E43 /* BaseViewController.swift */; };
		361FB16629FFADD200F54E43 /* BaseView.swift in Sources */ = {isa = PBXBuildFile; fileRef = 361FB16529FFADD200F54E43 /* BaseView.swift */; };
		361FB16829FFAE5400F54E43 /* SettingTableView.swift in Sources */ = {isa = PBXBuildFile; fileRef = 361FB16729FFAE5400F54E43 /* SettingTableView.swift */; };
		361FB16B29FFB13C00F54E43 /* UILabel+.swift in Sources */ = {isa = PBXBuildFile; fileRef = 361FB16A29FFB13C00F54E43 /* UILabel+.swift */; };
		361FB16D29FFF53300F54E43 /* UIImage+.swift in Sources */ = {isa = PBXBuildFile; fileRef = 361FB16C29FFF53300F54E43 /* UIImage+.swift */; };
		362AC2D72A0D55C500262E23 /* Config.swift in Sources */ = {isa = PBXBuildFile; fileRef = 362AC2D62A0D55C500262E23 /* Config.swift */; };
		362AC2D92A0D573F00262E23 /* NetworkResult.swift in Sources */ = {isa = PBXBuildFile; fileRef = 362AC2D82A0D573F00262E23 /* NetworkResult.swift */; };
		362AC2E02A0D5BAE00262E23 /* PostService.swift in Sources */ = {isa = PBXBuildFile; fileRef = 362AC2DB2A0D5BAE00262E23 /* PostService.swift */; };
		362AC2E12A0D5BAE00262E23 /* GetService.swift in Sources */ = {isa = PBXBuildFile; fileRef = 362AC2DC2A0D5BAE00262E23 /* GetService.swift */; };
		362AC2E22A0D5BAE00262E23 /* PatchService.swift in Sources */ = {isa = PBXBuildFile; fileRef = 362AC2DD2A0D5BAE00262E23 /* PatchService.swift */; };
		362AC2E42A0D5BAE00262E23 /* DeleteService.swift in Sources */ = {isa = PBXBuildFile; fileRef = 362AC2DF2A0D5BAE00262E23 /* DeleteService.swift */; };
		362AC2E82A0D5C0000262E23 /* Alamofire in Frameworks */ = {isa = PBXBuildFile; productRef = 362AC2E72A0D5C0000262E23 /* Alamofire */; };
		362AC2EC2A0D6F3400262E23 /* Kingfisher in Frameworks */ = {isa = PBXBuildFile; productRef = 362AC2EB2A0D6F3400262E23 /* Kingfisher */; };
		362AC2EE2A0D6F4A00262E23 /* DataModels.swift in Sources */ = {isa = PBXBuildFile; fileRef = 362AC2ED2A0D6F4A00262E23 /* DataModels.swift */; };
		362AC2F12A0DD42C00262E23 /* LargePoster.swift in Sources */ = {isa = PBXBuildFile; fileRef = 362AC2F02A0DD42C00262E23 /* LargePoster.swift */; };
		362AC2F32A0DD44200262E23 /* CollectionViewCell.swift in Sources */ = {isa = PBXBuildFile; fileRef = 362AC2F22A0DD44200262E23 /* CollectionViewCell.swift */; };
		362AC2F62A0DD4A600262E23 /* CollectionViewCellReuseProtocol.swift in Sources */ = {isa = PBXBuildFile; fileRef = 362AC2F52A0DD4A600262E23 /* CollectionViewCellReuseProtocol.swift */; };
		3630BD7F2A03E23000310506 /* TopTabBar.swift in Sources */ = {isa = PBXBuildFile; fileRef = 3630BD7E2A03E23000310506 /* TopTabBar.swift */; };
		3630BD812A03EAC700310506 /* TabCollectionViewCell.swift in Sources */ = {isa = PBXBuildFile; fileRef = 3630BD802A03EAC700310506 /* TabCollectionViewCell.swift */; };
		3630BD832A04D24800310506 /* LiveViewController.swift in Sources */ = {isa = PBXBuildFile; fileRef = 3630BD822A04D24800310506 /* LiveViewController.swift */; };
		3630BD892A04D2AC00310506 /* TVProgramViewController.swift in Sources */ = {isa = PBXBuildFile; fileRef = 3630BD882A04D2AC00310506 /* TVProgramViewController.swift */; };
		3630BD8B2A04D2B900310506 /* MovieViewController.swift in Sources */ = {isa = PBXBuildFile; fileRef = 3630BD8A2A04D2B900310506 /* MovieViewController.swift */; };
		3630BD8D2A04D2CE00310506 /* ParaMountViewController.swift in Sources */ = {isa = PBXBuildFile; fileRef = 3630BD8C2A04D2CE00310506 /* ParaMountViewController.swift */; };
		3630BD8F2A04D2DA00310506 /* KidsViewController.swift in Sources */ = {isa = PBXBuildFile; fileRef = 3630BD8E2A04D2DA00310506 /* KidsViewController.swift */; };
		3630BD912A04D70400310506 /* HomeViewController.swift in Sources */ = {isa = PBXBuildFile; fileRef = 3630BD902A04D70400310506 /* HomeViewController.swift */; };
		3663C97C29E944AD00E64A0A /* BottomSheetViewController.swift in Sources */ = {isa = PBXBuildFile; fileRef = 3663C97B29E944AD00E64A0A /* BottomSheetViewController.swift */; };
		3663C98A29EB470300E64A0A /* NickNameSettingView.swift in Sources */ = {isa = PBXBuildFile; fileRef = 3663C98929EB470300E64A0A /* NickNameSettingView.swift */; };
		3663C98C29EC561E00E64A0A /* CGFloat+.swift in Sources */ = {isa = PBXBuildFile; fileRef = 3663C98B29EC561E00E64A0A /* CGFloat+.swift */; };
		3663C98E29EC567000E64A0A /* Constant.swift in Sources */ = {isa = PBXBuildFile; fileRef = 3663C98D29EC567000E64A0A /* Constant.swift */; };
/* End PBXBuildFile section */

/* Begin PBXFileReference section */
		360EA0A02A0019950014D9F1 /* SettingTableViewCell.swift */ = {isa = PBXFileReference; lastKnownFileType = sourcecode.swift; path = SettingTableViewCell.swift; sourceTree = "<group>"; };
		360EA0A22A002D180014D9F1 /* BaseScrollView.swift */ = {isa = PBXFileReference; lastKnownFileType = sourcecode.swift; path = BaseScrollView.swift; sourceTree = "<group>"; };
		360EA0A82A0051360014D9F1 /* SettingHeaderView.swift */ = {isa = PBXFileReference; lastKnownFileType = sourcecode.swift; path = SettingHeaderView.swift; sourceTree = "<group>"; };
		360EA0AA2A00DF140014D9F1 /* MainView.swift */ = {isa = PBXFileReference; lastKnownFileType = sourcecode.swift; path = MainView.swift; sourceTree = "<group>"; };
		360EA0AC2A00DF1F0014D9F1 /* MainViewController.swift */ = {isa = PBXFileReference; lastKnownFileType = sourcecode.swift; path = MainViewController.swift; sourceTree = "<group>"; };
		360EA0B12A016E610014D9F1 /* PosterCollectionViewCell.swift */ = {isa = PBXFileReference; lastKnownFileType = sourcecode.swift; path = PosterCollectionViewCell.swift; sourceTree = "<group>"; };
		360EA0B32A017A160014D9F1 /* Poster.swift */ = {isa = PBXFileReference; lastKnownFileType = sourcecode.swift; path = Poster.swift; sourceTree = "<group>"; };
		360EA0B52A0218720014D9F1 /* HeaderView.swift */ = {isa = PBXFileReference; lastKnownFileType = sourcecode.swift; path = HeaderView.swift; sourceTree = "<group>"; };
		360EA0BC2A0235A40014D9F1 /* LiveCollectionViewCell.swift */ = {isa = PBXFileReference; lastKnownFileType = sourcecode.swift; path = LiveCollectionViewCell.swift; sourceTree = "<group>"; };
		360EA0BE2A02387E0014D9F1 /* Content.swift */ = {isa = PBXFileReference; lastKnownFileType = sourcecode.swift; path = Content.swift; sourceTree = "<group>"; };
		360EA0C22A0240C30014D9F1 /* TableViewItem.swift */ = {isa = PBXFileReference; lastKnownFileType = sourcecode.swift; path = TableViewItem.swift; sourceTree = "<group>"; };
		360EA0E42A02C4830014D9F1 /* MainTabBarController.swift */ = {isa = PBXFileReference; lastKnownFileType = sourcecode.swift; path = MainTabBarController.swift; sourceTree = "<group>"; };
		360EA0E62A02C9AE0014D9F1 /* ReleasedViewController.swift */ = {isa = PBXFileReference; lastKnownFileType = sourcecode.swift; path = ReleasedViewController.swift; sourceTree = "<group>"; };
		360EA0E82A02C9BC0014D9F1 /* SearchViewController.swift */ = {isa = PBXFileReference; lastKnownFileType = sourcecode.swift; path = SearchViewController.swift; sourceTree = "<group>"; };
		360EA0EA2A02C9DD0014D9F1 /* RecordViewController.swift */ = {isa = PBXFileReference; lastKnownFileType = sourcecode.swift; path = RecordViewController.swift; sourceTree = "<group>"; };
		360EA0EC2A0302CA0014D9F1 /* LargePosterCollectionViewCell.swift */ = {isa = PBXFileReference; lastKnownFileType = sourcecode.swift; path = LargePosterCollectionViewCell.swift; sourceTree = "<group>"; };
		36110C2F29E46285000ED129 /* CloneTiving.app */ = {isa = PBXFileReference; explicitFileType = wrapper.application; includeInIndex = 0; path = CloneTiving.app; sourceTree = BUILT_PRODUCTS_DIR; };
		36110C3229E46285000ED129 /* AppDelegate.swift */ = {isa = PBXFileReference; lastKnownFileType = sourcecode.swift; path = AppDelegate.swift; sourceTree = "<group>"; };
		36110C3429E46285000ED129 /* SceneDelegate.swift */ = {isa = PBXFileReference; lastKnownFileType = sourcecode.swift; path = SceneDelegate.swift; sourceTree = "<group>"; };
		36110C3629E46285000ED129 /* SignInViewController.swift */ = {isa = PBXFileReference; lastKnownFileType = sourcecode.swift; path = SignInViewController.swift; sourceTree = "<group>"; };
		36110C3B29E46287000ED129 /* Assets.xcassets */ = {isa = PBXFileReference; lastKnownFileType = folder.assetcatalog; path = Assets.xcassets; sourceTree = "<group>"; };
		36110C3E29E46287000ED129 /* Base */ = {isa = PBXFileReference; lastKnownFileType = file.storyboard; name = Base; path = Base.lproj/LaunchScreen.storyboard; sourceTree = "<group>"; };
		36110C4029E46287000ED129 /* Info.plist */ = {isa = PBXFileReference; lastKnownFileType = text.plist.xml; path = Info.plist; sourceTree = "<group>"; };
		36110C4F29E4660E000ED129 /* UIView+.swift */ = {isa = PBXFileReference; lastKnownFileType = sourcecode.swift; path = "UIView+.swift"; sourceTree = "<group>"; };
		36110C5129E46619000ED129 /* UIColor+.swift */ = {isa = PBXFileReference; lastKnownFileType = sourcecode.swift; path = "UIColor+.swift"; sourceTree = "<group>"; };
		36110C5329E4675F000ED129 /* UIFont+.swift */ = {isa = PBXFileReference; lastKnownFileType = sourcecode.swift; path = "UIFont+.swift"; sourceTree = "<group>"; };
		36110C5529E467AA000ED129 /* UIButton+.swift */ = {isa = PBXFileReference; lastKnownFileType = sourcecode.swift; path = "UIButton+.swift"; sourceTree = "<group>"; };
		36110C5729E467C3000ED129 /* UITextField+.swift */ = {isa = PBXFileReference; lastKnownFileType = sourcecode.swift; path = "UITextField+.swift"; sourceTree = "<group>"; };
		36110C5929E46F8C000ED129 /* UIStackView+.swift */ = {isa = PBXFileReference; lastKnownFileType = sourcecode.swift; path = "UIStackView+.swift"; sourceTree = "<group>"; };
		36110C5E29E49DAA000ED129 /* Images.swift */ = {isa = PBXFileReference; lastKnownFileType = sourcecode.swift; path = Images.swift; sourceTree = "<group>"; };
		36110C6029E4ADD6000ED129 /* LoginSucessViewController.swift */ = {isa = PBXFileReference; lastKnownFileType = sourcecode.swift; path = LoginSucessViewController.swift; sourceTree = "<group>"; };
		36110C7029E8026B000ED129 /* Pretendard-Regular.otf */ = {isa = PBXFileReference; lastKnownFileType = file; path = "Pretendard-Regular.otf"; sourceTree = "<group>"; };
		36110C7129E8026B000ED129 /* Pretendard-Bold.otf */ = {isa = PBXFileReference; lastKnownFileType = file; path = "Pretendard-Bold.otf"; sourceTree = "<group>"; };
		36110C7229E8026C000ED129 /* Pretendard-SemiBold.otf */ = {isa = PBXFileReference; lastKnownFileType = file; path = "Pretendard-SemiBold.otf"; sourceTree = "<group>"; };
		36110C7729E803BE000ED129 /* CustomTextField.swift */ = {isa = PBXFileReference; lastKnownFileType = sourcecode.swift; path = CustomTextField.swift; sourceTree = "<group>"; };
		361FB16129FFACDC00F54E43 /* SettingViewController.swift */ = {isa = PBXFileReference; lastKnownFileType = sourcecode.swift; path = SettingViewController.swift; sourceTree = "<group>"; };
		361FB16329FFADA600F54E43 /* BaseViewController.swift */ = {isa = PBXFileReference; lastKnownFileType = sourcecode.swift; path = BaseViewController.swift; sourceTree = "<group>"; };
		361FB16529FFADD200F54E43 /* BaseView.swift */ = {isa = PBXFileReference; lastKnownFileType = sourcecode.swift; path = BaseView.swift; sourceTree = "<group>"; };
		361FB16729FFAE5400F54E43 /* SettingTableView.swift */ = {isa = PBXFileReference; lastKnownFileType = sourcecode.swift; path = SettingTableView.swift; sourceTree = "<group>"; };
		361FB16A29FFB13C00F54E43 /* UILabel+.swift */ = {isa = PBXFileReference; lastKnownFileType = sourcecode.swift; path = "UILabel+.swift"; sourceTree = "<group>"; };
		361FB16C29FFF53300F54E43 /* UIImage+.swift */ = {isa = PBXFileReference; lastKnownFileType = sourcecode.swift; path = "UIImage+.swift"; sourceTree = "<group>"; };
		362AC2D62A0D55C500262E23 /* Config.swift */ = {isa = PBXFileReference; lastKnownFileType = sourcecode.swift; path = Config.swift; sourceTree = "<group>"; };
		362AC2D82A0D573F00262E23 /* NetworkResult.swift */ = {isa = PBXFileReference; lastKnownFileType = sourcecode.swift; path = NetworkResult.swift; sourceTree = "<group>"; };
		362AC2DB2A0D5BAE00262E23 /* PostService.swift */ = {isa = PBXFileReference; fileEncoding = 4; lastKnownFileType = sourcecode.swift; path = PostService.swift; sourceTree = "<group>"; };
		362AC2DC2A0D5BAE00262E23 /* GetService.swift */ = {isa = PBXFileReference; fileEncoding = 4; lastKnownFileType = sourcecode.swift; path = GetService.swift; sourceTree = "<group>"; };
		362AC2DD2A0D5BAE00262E23 /* PatchService.swift */ = {isa = PBXFileReference; fileEncoding = 4; lastKnownFileType = sourcecode.swift; path = PatchService.swift; sourceTree = "<group>"; };
		362AC2DF2A0D5BAE00262E23 /* DeleteService.swift */ = {isa = PBXFileReference; fileEncoding = 4; lastKnownFileType = sourcecode.swift; path = DeleteService.swift; sourceTree = "<group>"; };
		362AC2ED2A0D6F4A00262E23 /* DataModels.swift */ = {isa = PBXFileReference; lastKnownFileType = sourcecode.swift; path = DataModels.swift; sourceTree = "<group>"; };
		362AC2F02A0DD42C00262E23 /* LargePoster.swift */ = {isa = PBXFileReference; lastKnownFileType = sourcecode.swift; path = LargePoster.swift; sourceTree = "<group>"; };
		362AC2F22A0DD44200262E23 /* CollectionViewCell.swift */ = {isa = PBXFileReference; lastKnownFileType = sourcecode.swift; path = CollectionViewCell.swift; sourceTree = "<group>"; };
		362AC2F52A0DD4A600262E23 /* CollectionViewCellReuseProtocol.swift */ = {isa = PBXFileReference; lastKnownFileType = sourcecode.swift; path = CollectionViewCellReuseProtocol.swift; sourceTree = "<group>"; };
		3630BD7E2A03E23000310506 /* TopTabBar.swift */ = {isa = PBXFileReference; lastKnownFileType = sourcecode.swift; path = TopTabBar.swift; sourceTree = "<group>"; };
		3630BD802A03EAC700310506 /* TabCollectionViewCell.swift */ = {isa = PBXFileReference; lastKnownFileType = sourcecode.swift; path = TabCollectionViewCell.swift; sourceTree = "<group>"; };
		3630BD822A04D24800310506 /* LiveViewController.swift */ = {isa = PBXFileReference; lastKnownFileType = sourcecode.swift; path = LiveViewController.swift; sourceTree = "<group>"; };
		3630BD882A04D2AC00310506 /* TVProgramViewController.swift */ = {isa = PBXFileReference; lastKnownFileType = sourcecode.swift; path = TVProgramViewController.swift; sourceTree = "<group>"; };
		3630BD8A2A04D2B900310506 /* MovieViewController.swift */ = {isa = PBXFileReference; lastKnownFileType = sourcecode.swift; path = MovieViewController.swift; sourceTree = "<group>"; };
		3630BD8C2A04D2CE00310506 /* ParaMountViewController.swift */ = {isa = PBXFileReference; lastKnownFileType = sourcecode.swift; path = ParaMountViewController.swift; sourceTree = "<group>"; };
		3630BD8E2A04D2DA00310506 /* KidsViewController.swift */ = {isa = PBXFileReference; lastKnownFileType = sourcecode.swift; path = KidsViewController.swift; sourceTree = "<group>"; };
		3630BD902A04D70400310506 /* HomeViewController.swift */ = {isa = PBXFileReference; lastKnownFileType = sourcecode.swift; path = HomeViewController.swift; sourceTree = "<group>"; };
		3663C97B29E944AD00E64A0A /* BottomSheetViewController.swift */ = {isa = PBXFileReference; lastKnownFileType = sourcecode.swift; path = BottomSheetViewController.swift; sourceTree = "<group>"; };
		3663C98929EB470300E64A0A /* NickNameSettingView.swift */ = {isa = PBXFileReference; lastKnownFileType = sourcecode.swift; path = NickNameSettingView.swift; sourceTree = "<group>"; };
		3663C98B29EC561E00E64A0A /* CGFloat+.swift */ = {isa = PBXFileReference; lastKnownFileType = sourcecode.swift; path = "CGFloat+.swift"; sourceTree = "<group>"; };
		3663C98D29EC567000E64A0A /* Constant.swift */ = {isa = PBXFileReference; lastKnownFileType = sourcecode.swift; path = Constant.swift; sourceTree = "<group>"; };
/* End PBXFileReference section */

/* Begin PBXFrameworksBuildPhase section */
		36110C2C29E46285000ED129 /* Frameworks */ = {
			isa = PBXFrameworksBuildPhase;
			buildActionMask = 2147483647;
			files = (
				362AC2EC2A0D6F3400262E23 /* Kingfisher in Frameworks */,
				362AC2E82A0D5C0000262E23 /* Alamofire in Frameworks */,
				36110C4829E463A1000ED129 /* SnapKit in Frameworks */,
				36110C4B29E463BF000ED129 /* Then in Frameworks */,
			);
			runOnlyForDeploymentPostprocessing = 0;
		};
/* End PBXFrameworksBuildPhase section */

/* Begin PBXGroup section */
		360EA0A42A0050E60014D9F1 /* SignIn */ = {
			isa = PBXGroup;
			children = (
				36110C3629E46285000ED129 /* SignInViewController.swift */,
				36110C6029E4ADD6000ED129 /* LoginSucessViewController.swift */,
				3663C97B29E944AD00E64A0A /* BottomSheetViewController.swift */,
			);
			path = SignIn;
			sourceTree = "<group>";
		};
		360EA0A62A0051060014D9F1 /* Setting */ = {
			isa = PBXGroup;
			children = (
				361FB16729FFAE5400F54E43 /* SettingTableView.swift */,
				360EA0A02A0019950014D9F1 /* SettingTableViewCell.swift */,
				360EA0A82A0051360014D9F1 /* SettingHeaderView.swift */,
			);
			path = Setting;
			sourceTree = "<group>";
		};
		360EA0A72A00511B0014D9F1 /* Setting */ = {
			isa = PBXGroup;
			children = (
				361FB16129FFACDC00F54E43 /* SettingViewController.swift */,
			);
			path = Setting;
			sourceTree = "<group>";
		};
		360EA0AE2A016BCE0014D9F1 /* Main */ = {
			isa = PBXGroup;
			children = (
				3630BD7E2A03E23000310506 /* TopTabBar.swift */,
				360EA0AA2A00DF140014D9F1 /* MainView.swift */,
				360EA0B52A0218720014D9F1 /* HeaderView.swift */,
			);
			path = Main;
			sourceTree = "<group>";
		};
		360EA0B72A021C7F0014D9F1 /* Main */ = {
			isa = PBXGroup;
			children = (
				3630BD872A04D27300310506 /* Record */,
				3630BD862A04D26300310506 /* Search */,
				3630BD852A04D25B00310506 /* Home */,
				3630BD842A04D25000310506 /* Released */,
				360EA0E42A02C4830014D9F1 /* MainTabBarController.swift */,
			);
			path = Main;
			sourceTree = "<group>";
		};
		36110C2629E46285000ED129 = {
			isa = PBXGroup;
			children = (
				36110C3129E46285000ED129 /* CloneTiving */,
				36110C3029E46285000ED129 /* Products */,
				362AC2E92A0D5C9900262E23 /* Frameworks */,
			);
			sourceTree = "<group>";
		};
		36110C3029E46285000ED129 /* Products */ = {
			isa = PBXGroup;
			children = (
				36110C2F29E46285000ED129 /* CloneTiving.app */,
			);
			name = Products;
			sourceTree = "<group>";
		};
		36110C3129E46285000ED129 /* CloneTiving */ = {
			isa = PBXGroup;
			children = (
				362AC2F42A0DD49200262E23 /* Protocols */,
				36110C6F29E80238000ED129 /* Font */,
				36110C3B29E46287000ED129 /* Assets.xcassets */,
				36110C3D29E46287000ED129 /* LaunchScreen.storyboard */,
				36110C4029E46287000ED129 /* Info.plist */,
				36110C3229E46285000ED129 /* AppDelegate.swift */,
				36110C3429E46285000ED129 /* SceneDelegate.swift */,
				362AC2E52A0D5BE900262E23 /* Models */,
				362AC2D52A0D55AD00262E23 /* Service */,
				361FB16929FFB10F00F54E43 /* Base */,
				36110C5D29E49D99000ED129 /* Structs&Enums */,
				36110C4C29E46574000ED129 /* Extensions */,
				36110C4E29E465EB000ED129 /* ViewControllers */,
				36110C7629E803A4000ED129 /* Views */,
			);
			path = CloneTiving;
			sourceTree = "<group>";
		};
		36110C4C29E46574000ED129 /* Extensions */ = {
			isa = PBXGroup;
			children = (
				36110C4F29E4660E000ED129 /* UIView+.swift */,
				36110C5929E46F8C000ED129 /* UIStackView+.swift */,
				36110C5529E467AA000ED129 /* UIButton+.swift */,
				36110C5129E46619000ED129 /* UIColor+.swift */,
				361FB16A29FFB13C00F54E43 /* UILabel+.swift */,
				36110C5329E4675F000ED129 /* UIFont+.swift */,
				36110C5729E467C3000ED129 /* UITextField+.swift */,
				3663C98B29EC561E00E64A0A /* CGFloat+.swift */,
				361FB16C29FFF53300F54E43 /* UIImage+.swift */,
			);
			path = Extensions;
			sourceTree = "<group>";
		};
		36110C4E29E465EB000ED129 /* ViewControllers */ = {
			isa = PBXGroup;
			children = (
				360EA0B72A021C7F0014D9F1 /* Main */,
				360EA0A42A0050E60014D9F1 /* SignIn */,
				360EA0A72A00511B0014D9F1 /* Setting */,
			);
			path = ViewControllers;
			sourceTree = "<group>";
		};
		36110C5D29E49D99000ED129 /* Structs&Enums */ = {
			isa = PBXGroup;
			children = (
				36110C5E29E49DAA000ED129 /* Images.swift */,
				3663C98D29EC567000E64A0A /* Constant.swift */,
				360EA0B32A017A160014D9F1 /* Poster.swift */,
				362AC2F02A0DD42C00262E23 /* LargePoster.swift */,
				360EA0BE2A02387E0014D9F1 /* Content.swift */,
				360EA0C22A0240C30014D9F1 /* TableViewItem.swift */,
				362AC2F22A0DD44200262E23 /* CollectionViewCell.swift */,
			);
			path = "Structs&Enums";
			sourceTree = "<group>";
		};
		36110C6F29E80238000ED129 /* Font */ = {
			isa = PBXGroup;
			children = (
				36110C7129E8026B000ED129 /* Pretendard-Bold.otf */,
				36110C7029E8026B000ED129 /* Pretendard-Regular.otf */,
				36110C7229E8026C000ED129 /* Pretendard-SemiBold.otf */,
			);
			path = Font;
			sourceTree = "<group>";
		};
		36110C7629E803A4000ED129 /* Views */ = {
			isa = PBXGroup;
			children = (
				362AC2EF2A0DD05F00262E23 /* Cells */,
				360EA0AE2A016BCE0014D9F1 /* Main */,
				360EA0A62A0051060014D9F1 /* Setting */,
				36110C7729E803BE000ED129 /* CustomTextField.swift */,
				3663C98929EB470300E64A0A /* NickNameSettingView.swift */,
			);
			path = Views;
			sourceTree = "<group>";
		};
		361FB16929FFB10F00F54E43 /* Base */ = {
			isa = PBXGroup;
			children = (
				361FB16329FFADA600F54E43 /* BaseViewController.swift */,
				361FB16529FFADD200F54E43 /* BaseView.swift */,
				360EA0A22A002D180014D9F1 /* BaseScrollView.swift */,
			);
			path = Base;
			sourceTree = "<group>";
		};
		362AC2D52A0D55AD00262E23 /* Service */ = {
			isa = PBXGroup;
			children = (
				362AC2D62A0D55C500262E23 /* Config.swift */,
				362AC2D82A0D573F00262E23 /* NetworkResult.swift */,
				362AC2DB2A0D5BAE00262E23 /* PostService.swift */,
				362AC2DC2A0D5BAE00262E23 /* GetService.swift */,
				362AC2DD2A0D5BAE00262E23 /* PatchService.swift */,
				362AC2DF2A0D5BAE00262E23 /* DeleteService.swift */,
			);
			path = Service;
			sourceTree = "<group>";
		};
		362AC2E52A0D5BE900262E23 /* Models */ = {
			isa = PBXGroup;
			children = (
				362AC2ED2A0D6F4A00262E23 /* DataModels.swift */,
			);
			path = Models;
			sourceTree = "<group>";
		};
		362AC2E92A0D5C9900262E23 /* Frameworks */ = {
			isa = PBXGroup;
			children = (
			);
			name = Frameworks;
			sourceTree = "<group>";
		};
		362AC2EF2A0DD05F00262E23 /* Cells */ = {
			isa = PBXGroup;
			children = (
				3630BD802A03EAC700310506 /* TabCollectionViewCell.swift */,
				360EA0B12A016E610014D9F1 /* PosterCollectionViewCell.swift */,
				360EA0BC2A0235A40014D9F1 /* LiveCollectionViewCell.swift */,
				360EA0EC2A0302CA0014D9F1 /* LargePosterCollectionViewCell.swift */,
			);
			path = Cells;
			sourceTree = "<group>";
		};
		362AC2F42A0DD49200262E23 /* Protocols */ = {
			isa = PBXGroup;
			children = (
				362AC2F52A0DD4A600262E23 /* CollectionViewCellReuseProtocol.swift */,
			);
			path = Protocols;
			sourceTree = "<group>";
		};
		3630BD842A04D25000310506 /* Released */ = {
			isa = PBXGroup;
			children = (
				360EA0E62A02C9AE0014D9F1 /* ReleasedViewController.swift */,
			);
			path = Released;
			sourceTree = "<group>";
		};
		3630BD852A04D25B00310506 /* Home */ = {
			isa = PBXGroup;
			children = (
				360EA0AC2A00DF1F0014D9F1 /* MainViewController.swift */,
				3630BD902A04D70400310506 /* HomeViewController.swift */,
				3630BD822A04D24800310506 /* LiveViewController.swift */,
				3630BD882A04D2AC00310506 /* TVProgramViewController.swift */,
				3630BD8A2A04D2B900310506 /* MovieViewController.swift */,
				3630BD8C2A04D2CE00310506 /* ParaMountViewController.swift */,
				3630BD8E2A04D2DA00310506 /* KidsViewController.swift */,
			);
			path = Home;
			sourceTree = "<group>";
		};
		3630BD862A04D26300310506 /* Search */ = {
			isa = PBXGroup;
			children = (
				360EA0E82A02C9BC0014D9F1 /* SearchViewController.swift */,
			);
			path = Search;
			sourceTree = "<group>";
		};
		3630BD872A04D27300310506 /* Record */ = {
			isa = PBXGroup;
			children = (
				360EA0EA2A02C9DD0014D9F1 /* RecordViewController.swift */,
			);
			path = Record;
			sourceTree = "<group>";
		};
/* End PBXGroup section */

/* Begin PBXNativeTarget section */
		36110C2E29E46285000ED129 /* CloneTiving */ = {
			isa = PBXNativeTarget;
			buildConfigurationList = 36110C4329E46287000ED129 /* Build configuration list for PBXNativeTarget "CloneTiving" */;
			buildPhases = (
				36110C2B29E46285000ED129 /* Sources */,
				36110C2C29E46285000ED129 /* Frameworks */,
				36110C2D29E46285000ED129 /* Resources */,
			);
			buildRules = (
			);
			dependencies = (
			);
			name = CloneTiving;
			packageProductDependencies = (
				36110C4729E463A1000ED129 /* SnapKit */,
				36110C4A29E463BF000ED129 /* Then */,
				362AC2E72A0D5C0000262E23 /* Alamofire */,
				362AC2EB2A0D6F3400262E23 /* Kingfisher */,
			);
			productName = CloneTiving;
			productReference = 36110C2F29E46285000ED129 /* CloneTiving.app */;
			productType = "com.apple.product-type.application";
		};
/* End PBXNativeTarget section */

/* Begin PBXProject section */
		36110C2729E46285000ED129 /* Project object */ = {
			isa = PBXProject;
			attributes = {
				BuildIndependentTargetsInParallel = 1;
				LastSwiftUpdateCheck = 1430;
				LastUpgradeCheck = 1430;
				TargetAttributes = {
					36110C2E29E46285000ED129 = {
						CreatedOnToolsVersion = 14.3;
					};
				};
			};
			buildConfigurationList = 36110C2A29E46285000ED129 /* Build configuration list for PBXProject "CloneTiving" */;
			compatibilityVersion = "Xcode 14.0";
			developmentRegion = en;
			hasScannedForEncodings = 0;
			knownRegions = (
				en,
				Base,
			);
			mainGroup = 36110C2629E46285000ED129;
			packageReferences = (
				36110C4629E463A1000ED129 /* XCRemoteSwiftPackageReference "SnapKit" */,
				36110C4929E463BF000ED129 /* XCRemoteSwiftPackageReference "Then" */,
				362AC2E62A0D5C0000262E23 /* XCRemoteSwiftPackageReference "Alamofire" */,
				362AC2EA2A0D6F3400262E23 /* XCRemoteSwiftPackageReference "Kingfisher" */,
			);
			productRefGroup = 36110C3029E46285000ED129 /* Products */;
			projectDirPath = "";
			projectRoot = "";
			targets = (
				36110C2E29E46285000ED129 /* CloneTiving */,
			);
		};
/* End PBXProject section */

/* Begin PBXResourcesBuildPhase section */
		36110C2D29E46285000ED129 /* Resources */ = {
			isa = PBXResourcesBuildPhase;
			buildActionMask = 2147483647;
			files = (
				36110C3F29E46287000ED129 /* LaunchScreen.storyboard in Resources */,
				36110C7429E8026C000ED129 /* Pretendard-Bold.otf in Resources */,
				36110C7529E8026C000ED129 /* Pretendard-SemiBold.otf in Resources */,
				36110C7329E8026C000ED129 /* Pretendard-Regular.otf in Resources */,
				36110C3C29E46287000ED129 /* Assets.xcassets in Resources */,
			);
			runOnlyForDeploymentPostprocessing = 0;
		};
/* End PBXResourcesBuildPhase section */

/* Begin PBXSourcesBuildPhase section */
		36110C2B29E46285000ED129 /* Sources */ = {
			isa = PBXSourcesBuildPhase;
			buildActionMask = 2147483647;
			files = (
				362AC2E12A0D5BAE00262E23 /* GetService.swift in Sources */,
				36110C5029E4660E000ED129 /* UIView+.swift in Sources */,
				360EA0AB2A00DF140014D9F1 /* MainView.swift in Sources */,
				360EA0B42A017A160014D9F1 /* Poster.swift in Sources */,
				361FB16829FFAE5400F54E43 /* SettingTableView.swift in Sources */,
				360EA0E92A02C9BC0014D9F1 /* SearchViewController.swift in Sources */,
				362AC2F12A0DD42C00262E23 /* LargePoster.swift in Sources */,
				360EA0ED2A0302CA0014D9F1 /* LargePosterCollectionViewCell.swift in Sources */,
				3630BD7F2A03E23000310506 /* TopTabBar.swift in Sources */,
				360EA0E72A02C9AE0014D9F1 /* ReleasedViewController.swift in Sources */,
				362AC2F32A0DD44200262E23 /* CollectionViewCell.swift in Sources */,
				36110C5A29E46F8C000ED129 /* UIStackView+.swift in Sources */,
				36110C5629E467AA000ED129 /* UIButton+.swift in Sources */,
				3663C98E29EC567000E64A0A /* Constant.swift in Sources */,
				36110C5F29E49DAA000ED129 /* Images.swift in Sources */,
				3630BD812A03EAC700310506 /* TabCollectionViewCell.swift in Sources */,
				3630BD8B2A04D2B900310506 /* MovieViewController.swift in Sources */,
				362AC2E22A0D5BAE00262E23 /* PatchService.swift in Sources */,
				361FB16429FFADA600F54E43 /* BaseViewController.swift in Sources */,
				361FB16229FFACDC00F54E43 /* SettingViewController.swift in Sources */,
				362AC2E02A0D5BAE00262E23 /* PostService.swift in Sources */,
				3663C98C29EC561E00E64A0A /* CGFloat+.swift in Sources */,
				36110C3729E46285000ED129 /* SignInViewController.swift in Sources */,
				36110C3329E46285000ED129 /* AppDelegate.swift in Sources */,
				360EA0BF2A02387E0014D9F1 /* Content.swift in Sources */,
				360EA0BD2A0235A40014D9F1 /* LiveCollectionViewCell.swift in Sources */,
				3663C98A29EB470300E64A0A /* NickNameSettingView.swift in Sources */,
				360EA0A32A002D180014D9F1 /* BaseScrollView.swift in Sources */,
				362AC2E42A0D5BAE00262E23 /* DeleteService.swift in Sources */,
				36110C6129E4ADD6000ED129 /* LoginSucessViewController.swift in Sources */,
				360EA0A12A0019950014D9F1 /* SettingTableViewCell.swift in Sources */,
				362AC2EE2A0D6F4A00262E23 /* DataModels.swift in Sources */,
				36110C3529E46285000ED129 /* SceneDelegate.swift in Sources */,
				3630BD8F2A04D2DA00310506 /* KidsViewController.swift in Sources */,
				3630BD8D2A04D2CE00310506 /* ParaMountViewController.swift in Sources */,
				3630BD832A04D24800310506 /* LiveViewController.swift in Sources */,
				3630BD912A04D70400310506 /* HomeViewController.swift in Sources */,
				360EA0E52A02C4830014D9F1 /* MainTabBarController.swift in Sources */,
				3663C97C29E944AD00E64A0A /* BottomSheetViewController.swift in Sources */,
				360EA0B22A016E610014D9F1 /* PosterCollectionViewCell.swift in Sources */,
				36110C7829E803BE000ED129 /* CustomTextField.swift in Sources */,
				361FB16B29FFB13C00F54E43 /* UILabel+.swift in Sources */,
				362AC2D72A0D55C500262E23 /* Config.swift in Sources */,
				36110C5429E4675F000ED129 /* UIFont+.swift in Sources */,
				361FB16629FFADD200F54E43 /* BaseView.swift in Sources */,
				361FB16D29FFF53300F54E43 /* UIImage+.swift in Sources */,
				362AC2D92A0D573F00262E23 /* NetworkResult.swift in Sources */,
				360EA0B62A0218720014D9F1 /* HeaderView.swift in Sources */,
				360EA0A92A0051360014D9F1 /* SettingHeaderView.swift in Sources */,
				360EA0AD2A00DF1F0014D9F1 /* MainViewController.swift in Sources */,
				360EA0C32A0240C30014D9F1 /* TableViewItem.swift in Sources */,
				360EA0EB2A02C9DD0014D9F1 /* RecordViewController.swift in Sources */,
				3630BD892A04D2AC00310506 /* TVProgramViewController.swift in Sources */,
				362AC2F62A0DD4A600262E23 /* CollectionViewCellReuseProtocol.swift in Sources */,
				36110C5229E46619000ED129 /* UIColor+.swift in Sources */,
				36110C5829E467C3000ED129 /* UITextField+.swift in Sources */,
			);
			runOnlyForDeploymentPostprocessing = 0;
		};
/* End PBXSourcesBuildPhase section */

/* Begin PBXVariantGroup section */
		36110C3D29E46287000ED129 /* LaunchScreen.storyboard */ = {
			isa = PBXVariantGroup;
			children = (
				36110C3E29E46287000ED129 /* Base */,
			);
			name = LaunchScreen.storyboard;
			sourceTree = "<group>";
		};
/* End PBXVariantGroup section */

/* Begin XCBuildConfiguration section */
		36110C4129E46287000ED129 /* Debug */ = {
			isa = XCBuildConfiguration;
			buildSettings = {
				ALWAYS_SEARCH_USER_PATHS = NO;
				CLANG_ANALYZER_NONNULL = YES;
				CLANG_ANALYZER_NUMBER_OBJECT_CONVERSION = YES_AGGRESSIVE;
				CLANG_CXX_LANGUAGE_STANDARD = "gnu++20";
				CLANG_ENABLE_MODULES = YES;
				CLANG_ENABLE_OBJC_ARC = YES;
				CLANG_ENABLE_OBJC_WEAK = YES;
				CLANG_WARN_BLOCK_CAPTURE_AUTORELEASING = YES;
				CLANG_WARN_BOOL_CONVERSION = YES;
				CLANG_WARN_COMMA = YES;
				CLANG_WARN_CONSTANT_CONVERSION = YES;
				CLANG_WARN_DEPRECATED_OBJC_IMPLEMENTATIONS = YES;
				CLANG_WARN_DIRECT_OBJC_ISA_USAGE = YES_ERROR;
				CLANG_WARN_DOCUMENTATION_COMMENTS = YES;
				CLANG_WARN_EMPTY_BODY = YES;
				CLANG_WARN_ENUM_CONVERSION = YES;
				CLANG_WARN_INFINITE_RECURSION = YES;
				CLANG_WARN_INT_CONVERSION = YES;
				CLANG_WARN_NON_LITERAL_NULL_CONVERSION = YES;
				CLANG_WARN_OBJC_IMPLICIT_RETAIN_SELF = YES;
				CLANG_WARN_OBJC_LITERAL_CONVERSION = YES;
				CLANG_WARN_OBJC_ROOT_CLASS = YES_ERROR;
				CLANG_WARN_QUOTED_INCLUDE_IN_FRAMEWORK_HEADER = YES;
				CLANG_WARN_RANGE_LOOP_ANALYSIS = YES;
				CLANG_WARN_STRICT_PROTOTYPES = YES;
				CLANG_WARN_SUSPICIOUS_MOVE = YES;
				CLANG_WARN_UNGUARDED_AVAILABILITY = YES_AGGRESSIVE;
				CLANG_WARN_UNREACHABLE_CODE = YES;
				CLANG_WARN__DUPLICATE_METHOD_MATCH = YES;
				COPY_PHASE_STRIP = NO;
				DEBUG_INFORMATION_FORMAT = dwarf;
				ENABLE_STRICT_OBJC_MSGSEND = YES;
				ENABLE_TESTABILITY = YES;
				GCC_C_LANGUAGE_STANDARD = gnu11;
				GCC_DYNAMIC_NO_PIC = NO;
				GCC_NO_COMMON_BLOCKS = YES;
				GCC_OPTIMIZATION_LEVEL = 0;
				GCC_PREPROCESSOR_DEFINITIONS = (
					"DEBUG=1",
					"$(inherited)",
				);
				GCC_WARN_64_TO_32_BIT_CONVERSION = YES;
				GCC_WARN_ABOUT_RETURN_TYPE = YES_ERROR;
				GCC_WARN_UNDECLARED_SELECTOR = YES;
				GCC_WARN_UNINITIALIZED_AUTOS = YES_AGGRESSIVE;
				GCC_WARN_UNUSED_FUNCTION = YES;
				GCC_WARN_UNUSED_VARIABLE = YES;
				IPHONEOS_DEPLOYMENT_TARGET = 16.4;
				MTL_ENABLE_DEBUG_INFO = INCLUDE_SOURCE;
				MTL_FAST_MATH = YES;
				ONLY_ACTIVE_ARCH = YES;
				SDKROOT = iphoneos;
				SWIFT_ACTIVE_COMPILATION_CONDITIONS = DEBUG;
				SWIFT_OPTIMIZATION_LEVEL = "-Onone";
			};
			name = Debug;
		};
		36110C4229E46287000ED129 /* Release */ = {
			isa = XCBuildConfiguration;
			buildSettings = {
				ALWAYS_SEARCH_USER_PATHS = NO;
				CLANG_ANALYZER_NONNULL = YES;
				CLANG_ANALYZER_NUMBER_OBJECT_CONVERSION = YES_AGGRESSIVE;
				CLANG_CXX_LANGUAGE_STANDARD = "gnu++20";
				CLANG_ENABLE_MODULES = YES;
				CLANG_ENABLE_OBJC_ARC = YES;
				CLANG_ENABLE_OBJC_WEAK = YES;
				CLANG_WARN_BLOCK_CAPTURE_AUTORELEASING = YES;
				CLANG_WARN_BOOL_CONVERSION = YES;
				CLANG_WARN_COMMA = YES;
				CLANG_WARN_CONSTANT_CONVERSION = YES;
				CLANG_WARN_DEPRECATED_OBJC_IMPLEMENTATIONS = YES;
				CLANG_WARN_DIRECT_OBJC_ISA_USAGE = YES_ERROR;
				CLANG_WARN_DOCUMENTATION_COMMENTS = YES;
				CLANG_WARN_EMPTY_BODY = YES;
				CLANG_WARN_ENUM_CONVERSION = YES;
				CLANG_WARN_INFINITE_RECURSION = YES;
				CLANG_WARN_INT_CONVERSION = YES;
				CLANG_WARN_NON_LITERAL_NULL_CONVERSION = YES;
				CLANG_WARN_OBJC_IMPLICIT_RETAIN_SELF = YES;
				CLANG_WARN_OBJC_LITERAL_CONVERSION = YES;
				CLANG_WARN_OBJC_ROOT_CLASS = YES_ERROR;
				CLANG_WARN_QUOTED_INCLUDE_IN_FRAMEWORK_HEADER = YES;
				CLANG_WARN_RANGE_LOOP_ANALYSIS = YES;
				CLANG_WARN_STRICT_PROTOTYPES = YES;
				CLANG_WARN_SUSPICIOUS_MOVE = YES;
				CLANG_WARN_UNGUARDED_AVAILABILITY = YES_AGGRESSIVE;
				CLANG_WARN_UNREACHABLE_CODE = YES;
				CLANG_WARN__DUPLICATE_METHOD_MATCH = YES;
				COPY_PHASE_STRIP = NO;
				DEBUG_INFORMATION_FORMAT = "dwarf-with-dsym";
				ENABLE_NS_ASSERTIONS = NO;
				ENABLE_STRICT_OBJC_MSGSEND = YES;
				GCC_C_LANGUAGE_STANDARD = gnu11;
				GCC_NO_COMMON_BLOCKS = YES;
				GCC_WARN_64_TO_32_BIT_CONVERSION = YES;
				GCC_WARN_ABOUT_RETURN_TYPE = YES_ERROR;
				GCC_WARN_UNDECLARED_SELECTOR = YES;
				GCC_WARN_UNINITIALIZED_AUTOS = YES_AGGRESSIVE;
				GCC_WARN_UNUSED_FUNCTION = YES;
				GCC_WARN_UNUSED_VARIABLE = YES;
				IPHONEOS_DEPLOYMENT_TARGET = 16.4;
				MTL_ENABLE_DEBUG_INFO = NO;
				MTL_FAST_MATH = YES;
				SDKROOT = iphoneos;
				SWIFT_COMPILATION_MODE = wholemodule;
				SWIFT_OPTIMIZATION_LEVEL = "-O";
				VALIDATE_PRODUCT = YES;
			};
			name = Release;
		};
		36110C4429E46287000ED129 /* Debug */ = {
			isa = XCBuildConfiguration;
			buildSettings = {
				API_KEY = 0337c0dae0e664eb0e5794f9139c157c;
				ASSETCATALOG_COMPILER_APPICON_NAME = AppIcon;
				ASSETCATALOG_COMPILER_GLOBAL_ACCENT_COLOR_NAME = AccentColor;
				BASE_URL = "https://api.themoviedb.org";
				CODE_SIGN_STYLE = Automatic;
				CURRENT_PROJECT_VERSION = 1;
				DEVELOPMENT_TEAM = 8D8H8KC6DH;
				GENERATE_INFOPLIST_FILE = YES;
				INFOPLIST_FILE = CloneTiving/Info.plist;
				INFOPLIST_KEY_UIApplicationSupportsIndirectInputEvents = YES;
				INFOPLIST_KEY_UILaunchStoryboardName = LaunchScreen;
				INFOPLIST_KEY_UIMainStoryboardFile = "";
				INFOPLIST_KEY_UISupportedInterfaceOrientations_iPad = "UIInterfaceOrientationPortrait UIInterfaceOrientationPortraitUpsideDown UIInterfaceOrientationLandscapeLeft UIInterfaceOrientationLandscapeRight";
				INFOPLIST_KEY_UISupportedInterfaceOrientations_iPhone = "UIInterfaceOrientationPortrait UIInterfaceOrientationLandscapeLeft UIInterfaceOrientationLandscapeRight";
				LD_RUNPATH_SEARCH_PATHS = (
					"$(inherited)",
					"@executable_path/Frameworks",
				);
				MARKETING_VERSION = 1.0;
				PRODUCT_BUNDLE_IDENTIFIER = LJH.CloneTiving;
				PRODUCT_NAME = "$(TARGET_NAME)";
				SWIFT_EMIT_LOC_STRINGS = YES;
				SWIFT_VERSION = 5.0;
				TARGETED_DEVICE_FAMILY = "1,2";
			};
			name = Debug;
		};
		36110C4529E46287000ED129 /* Release */ = {
			isa = XCBuildConfiguration;
			buildSettings = {
				API_KEY = 0337c0dae0e664eb0e5794f9139c157c;
				ASSETCATALOG_COMPILER_APPICON_NAME = AppIcon;
				ASSETCATALOG_COMPILER_GLOBAL_ACCENT_COLOR_NAME = AccentColor;
				BASE_URL = "https://api.themoviedb.org";
				CODE_SIGN_STYLE = Automatic;
				CURRENT_PROJECT_VERSION = 1;
				DEVELOPMENT_TEAM = 8D8H8KC6DH;
				GENERATE_INFOPLIST_FILE = YES;
				INFOPLIST_FILE = CloneTiving/Info.plist;
				INFOPLIST_KEY_UIApplicationSupportsIndirectInputEvents = YES;
				INFOPLIST_KEY_UILaunchStoryboardName = LaunchScreen;
				INFOPLIST_KEY_UIMainStoryboardFile = "";
				INFOPLIST_KEY_UISupportedInterfaceOrientations_iPad = "UIInterfaceOrientationPortrait UIInterfaceOrientationPortraitUpsideDown UIInterfaceOrientationLandscapeLeft UIInterfaceOrientationLandscapeRight";
				INFOPLIST_KEY_UISupportedInterfaceOrientations_iPhone = "UIInterfaceOrientationPortrait UIInterfaceOrientationLandscapeLeft UIInterfaceOrientationLandscapeRight";
				LD_RUNPATH_SEARCH_PATHS = (
					"$(inherited)",
					"@executable_path/Frameworks",
				);
				MARKETING_VERSION = 1.0;
				PRODUCT_BUNDLE_IDENTIFIER = LJH.CloneTiving;
				PRODUCT_NAME = "$(TARGET_NAME)";
				SWIFT_EMIT_LOC_STRINGS = YES;
				SWIFT_VERSION = 5.0;
				TARGETED_DEVICE_FAMILY = "1,2";
			};
			name = Release;
		};
/* End XCBuildConfiguration section */

/* Begin XCConfigurationList section */
		36110C2A29E46285000ED129 /* Build configuration list for PBXProject "CloneTiving" */ = {
			isa = XCConfigurationList;
			buildConfigurations = (
				36110C4129E46287000ED129 /* Debug */,
				36110C4229E46287000ED129 /* Release */,
			);
			defaultConfigurationIsVisible = 0;
			defaultConfigurationName = Release;
		};
		36110C4329E46287000ED129 /* Build configuration list for PBXNativeTarget "CloneTiving" */ = {
			isa = XCConfigurationList;
			buildConfigurations = (
				36110C4429E46287000ED129 /* Debug */,
				36110C4529E46287000ED129 /* Release */,
			);
			defaultConfigurationIsVisible = 0;
			defaultConfigurationName = Release;
		};
/* End XCConfigurationList section */

/* Begin XCRemoteSwiftPackageReference section */
		36110C4629E463A1000ED129 /* XCRemoteSwiftPackageReference "SnapKit" */ = {
			isa = XCRemoteSwiftPackageReference;
			repositoryURL = "https://github.com/SnapKit/SnapKit.git";
			requirement = {
				kind = upToNextMajorVersion;
				minimumVersion = 5.0.0;
			};
		};
		36110C4929E463BF000ED129 /* XCRemoteSwiftPackageReference "Then" */ = {
			isa = XCRemoteSwiftPackageReference;
			repositoryURL = "https://github.com/devxoul/Then.git";
			requirement = {
				kind = upToNextMajorVersion;
				minimumVersion = 3.0.0;
			};
		};
		362AC2E62A0D5C0000262E23 /* XCRemoteSwiftPackageReference "Alamofire" */ = {
			isa = XCRemoteSwiftPackageReference;
			repositoryURL = "https://github.com/Alamofire/Alamofire.git";
			requirement = {
				kind = upToNextMajorVersion;
				minimumVersion = 5.0.0;
			};
		};
		362AC2EA2A0D6F3400262E23 /* XCRemoteSwiftPackageReference "Kingfisher" */ = {
			isa = XCRemoteSwiftPackageReference;
			repositoryURL = "https://github.com/onevcat/Kingfisher";
			requirement = {
				kind = upToNextMajorVersion;
				minimumVersion = 7.0.0;
			};
		};
/* End XCRemoteSwiftPackageReference section */

/* Begin XCSwiftPackageProductDependency section */
		36110C4729E463A1000ED129 /* SnapKit */ = {
			isa = XCSwiftPackageProductDependency;
			package = 36110C4629E463A1000ED129 /* XCRemoteSwiftPackageReference "SnapKit" */;
			productName = SnapKit;
		};
		36110C4A29E463BF000ED129 /* Then */ = {
			isa = XCSwiftPackageProductDependency;
			package = 36110C4929E463BF000ED129 /* XCRemoteSwiftPackageReference "Then" */;
			productName = Then;
		};
		362AC2E72A0D5C0000262E23 /* Alamofire */ = {
			isa = XCSwiftPackageProductDependency;
			package = 362AC2E62A0D5C0000262E23 /* XCRemoteSwiftPackageReference "Alamofire" */;
			productName = Alamofire;
		};
		362AC2EB2A0D6F3400262E23 /* Kingfisher */ = {
			isa = XCSwiftPackageProductDependency;
			package = 362AC2EA2A0D6F3400262E23 /* XCRemoteSwiftPackageReference "Kingfisher" */;
			productName = Kingfisher;
		};
/* End XCSwiftPackageProductDependency section */
	};
	rootObject = 36110C2729E46285000ED129 /* Project object */;
}
